// !$*UTF8*$!
{
	archiveVersion = 1;
	classes = {
	};
	objectVersion = 46;
	objects = {

/* Begin PBXBuildFile section */
		0362EE5E1565C79D00E5409E /* flv_bytestream.c in Sources */ = {isa = PBXBuildFile; fileRef = 30B26E3B15659A46002A26CF /* flv_bytestream.c */; };
		30B26E6815659A47002A26CF /* flv_bytestream_ext.c in Sources */ = {isa = PBXBuildFile; fileRef = 30B26D2415659A46002A26CF /* flv_bytestream_ext.c */; };
		30B26E6915659A47002A26CF /* bytestream.c in Sources */ = {isa = PBXBuildFile; fileRef = 30B26D2715659A46002A26CF /* bytestream.c */; };
		30B26E6B15659A47002A26CF /* tpl.c in Sources */ = {isa = PBXBuildFile; fileRef = 30B26D2A15659A46002A26CF /* tpl.c */; };
		30B26E7015659A47002A26CF /* librtmp.a in Frameworks */ = {isa = PBXBuildFile; fileRef = 30B26D3D15659A46002A26CF /* librtmp.a */; };
		30B26F1315659A47002A26CF /* libx264.a in Frameworks */ = {isa = PBXBuildFile; fileRef = 30B26E3615659A46002A26CF /* libx264.a */; };
		30B26F2715659A47002A26CF /* sc_streamer.c in Sources */ = {isa = PBXBuildFile; fileRef = 30B26E6615659A46002A26CF /* sc_streamer.c */; };
/* End PBXBuildFile section */

/* Begin PBXContainerItemProxy section */
		0362EE5A1565C70A00E5409E /* PBXContainerItemProxy */ = {
			isa = PBXContainerItemProxy;
			containerPortal = 30B26AE91565987B002A26CF /* Project object */;
			proxyType = 1;
			remoteGlobalIDString = 30B26F2815659ADD002A26CF;
			remoteInfo = librtmp;
		};
		0362EE5C1565C70E00E5409E /* PBXContainerItemProxy */ = {
			isa = PBXContainerItemProxy;
			containerPortal = 30B26AE91565987B002A26CF /* Project object */;
			proxyType = 1;
			remoteGlobalIDString = 30B26F2C15659AE8002A26CF;
			remoteInfo = libx264;
		};
/* End PBXContainerItemProxy section */

/* Begin PBXCopyFilesBuildPhase section */
		30B26AF01565987B002A26CF /* CopyFiles */ = {
			isa = PBXCopyFilesBuildPhase;
			buildActionMask = 2147483647;
			dstPath = /usr/share/man/man1/;
			dstSubfolderSpec = 0;
			files = (
			);
			runOnlyForDeploymentPostprocessing = 1;
		};
/* End PBXCopyFilesBuildPhase section */

/* Begin PBXFileReference section */
		30B26AF21565987B002A26CF /* screen_streamer */ = {isa = PBXFileReference; explicitFileType = "compiled.mach-o.executable"; includeInIndex = 0; path = screen_streamer; sourceTree = BUILT_PRODUCTS_DIR; };
		30B26D2415659A46002A26CF /* flv_bytestream_ext.c */ = {isa = PBXFileReference; fileEncoding = 4; lastKnownFileType = sourcecode.c.c; path = flv_bytestream_ext.c; sourceTree = SOURCE_ROOT; };
		30B26D2515659A46002A26CF /* flv_bytestream_ext.h */ = {isa = PBXFileReference; fileEncoding = 4; lastKnownFileType = sourcecode.c.h; path = flv_bytestream_ext.h; sourceTree = SOURCE_ROOT; };
		30B26D2715659A46002A26CF /* bytestream.c */ = {isa = PBXFileReference; fileEncoding = 4; lastKnownFileType = sourcecode.c.c; path = bytestream.c; sourceTree = "<group>"; };
		30B26D2815659A46002A26CF /* bytestream.h */ = {isa = PBXFileReference; fileEncoding = 4; lastKnownFileType = sourcecode.c.h; path = bytestream.h; sourceTree = "<group>"; };
		30B26D2915659A46002A26CF /* bytestream.o */ = {isa = PBXFileReference; lastKnownFileType = "compiled.mach-o.objfile"; path = bytestream.o; sourceTree = "<group>"; };
		30B26D2A15659A46002A26CF /* tpl.c */ = {isa = PBXFileReference; fileEncoding = 4; lastKnownFileType = sourcecode.c.c; path = tpl.c; sourceTree = "<group>"; };
		30B26D2B15659A46002A26CF /* tpl.h */ = {isa = PBXFileReference; fileEncoding = 4; lastKnownFileType = sourcecode.c.h; path = tpl.h; sourceTree = "<group>"; };
		30B26D2D15659A46002A26CF /* ChangeLog */ = {isa = PBXFileReference; fileEncoding = 4; lastKnownFileType = text; path = ChangeLog; sourceTree = "<group>"; };
		30B26D2E15659A46002A26CF /* COPYING */ = {isa = PBXFileReference; fileEncoding = 4; lastKnownFileType = text; path = COPYING; sourceTree = "<group>"; };
		30B26D3015659A46002A26CF /* amf.c */ = {isa = PBXFileReference; fileEncoding = 4; lastKnownFileType = sourcecode.c.c; path = amf.c; sourceTree = "<group>"; };
		30B26D3115659A46002A26CF /* amf.h */ = {isa = PBXFileReference; fileEncoding = 4; lastKnownFileType = sourcecode.c.h; path = amf.h; sourceTree = "<group>"; };
		30B26D3215659A46002A26CF /* amf.o */ = {isa = PBXFileReference; lastKnownFileType = "compiled.mach-o.objfile"; path = amf.o; sourceTree = "<group>"; };
		30B26D3315659A46002A26CF /* bytes.h */ = {isa = PBXFileReference; fileEncoding = 4; lastKnownFileType = sourcecode.c.h; path = bytes.h; sourceTree = "<group>"; };
		30B26D3415659A46002A26CF /* COPYING */ = {isa = PBXFileReference; fileEncoding = 4; lastKnownFileType = text; path = COPYING; sourceTree = "<group>"; };
		30B26D3515659A46002A26CF /* dh.h */ = {isa = PBXFileReference; fileEncoding = 4; lastKnownFileType = sourcecode.c.h; path = dh.h; sourceTree = "<group>"; };
		30B26D3615659A46002A26CF /* dhgroups.h */ = {isa = PBXFileReference; fileEncoding = 4; lastKnownFileType = sourcecode.c.h; path = dhgroups.h; sourceTree = "<group>"; };
		30B26D3715659A46002A26CF /* handshake.h */ = {isa = PBXFileReference; fileEncoding = 4; lastKnownFileType = sourcecode.c.h; path = handshake.h; sourceTree = "<group>"; };
		30B26D3815659A46002A26CF /* hashswf.c */ = {isa = PBXFileReference; fileEncoding = 4; lastKnownFileType = sourcecode.c.c; path = hashswf.c; sourceTree = "<group>"; };
		30B26D3915659A46002A26CF /* hashswf.o */ = {isa = PBXFileReference; lastKnownFileType = "compiled.mach-o.objfile"; path = hashswf.o; sourceTree = "<group>"; };
		30B26D3A15659A46002A26CF /* http.h */ = {isa = PBXFileReference; fileEncoding = 4; lastKnownFileType = sourcecode.c.h; path = http.h; sourceTree = "<group>"; };
		30B26D3B15659A46002A26CF /* librtmp.3 */ = {isa = PBXFileReference; fileEncoding = 4; lastKnownFileType = text; path = librtmp.3; sourceTree = "<group>"; };
		30B26D3C15659A46002A26CF /* librtmp.3.html */ = {isa = PBXFileReference; fileEncoding = 4; lastKnownFileType = text.html; path = librtmp.3.html; sourceTree = "<group>"; };
		30B26D3D15659A46002A26CF /* librtmp.a */ = {isa = PBXFileReference; lastKnownFileType = archive.ar; path = librtmp.a; sourceTree = "<group>"; };
		30B26D3E15659A46002A26CF /* librtmp.pc.in */ = {isa = PBXFileReference; fileEncoding = 4; lastKnownFileType = text; path = librtmp.pc.in; sourceTree = "<group>"; };
		30B26D3F15659A46002A26CF /* log.c */ = {isa = PBXFileReference; fileEncoding = 4; lastKnownFileType = sourcecode.c.c; path = log.c; sourceTree = "<group>"; };
		30B26D4015659A46002A26CF /* log.h */ = {isa = PBXFileReference; fileEncoding = 4; lastKnownFileType = sourcecode.c.h; path = log.h; sourceTree = "<group>"; };
		30B26D4115659A46002A26CF /* log.o */ = {isa = PBXFileReference; lastKnownFileType = "compiled.mach-o.objfile"; path = log.o; sourceTree = "<group>"; };
		30B26D4215659A46002A26CF /* Makefile */ = {isa = PBXFileReference; fileEncoding = 4; lastKnownFileType = sourcecode.make; path = Makefile; sourceTree = "<group>"; };
		30B26D4315659A46002A26CF /* parseurl.c */ = {isa = PBXFileReference; fileEncoding = 4; lastKnownFileType = sourcecode.c.c; path = parseurl.c; sourceTree = "<group>"; };
		30B26D4415659A46002A26CF /* parseurl.o */ = {isa = PBXFileReference; lastKnownFileType = "compiled.mach-o.objfile"; path = parseurl.o; sourceTree = "<group>"; };
		30B26D4515659A46002A26CF /* rtmp.c */ = {isa = PBXFileReference; fileEncoding = 4; lastKnownFileType = sourcecode.c.c; path = rtmp.c; sourceTree = "<group>"; };
		30B26D4615659A46002A26CF /* rtmp.h */ = {isa = PBXFileReference; fileEncoding = 4; lastKnownFileType = sourcecode.c.h; path = rtmp.h; sourceTree = "<group>"; };
		30B26D4715659A46002A26CF /* rtmp.o */ = {isa = PBXFileReference; lastKnownFileType = "compiled.mach-o.objfile"; path = rtmp.o; sourceTree = "<group>"; };
		30B26D4815659A46002A26CF /* rtmp_sys.h */ = {isa = PBXFileReference; fileEncoding = 4; lastKnownFileType = sourcecode.c.h; path = rtmp_sys.h; sourceTree = "<group>"; };
		30B26D4915659A46002A26CF /* Makefile */ = {isa = PBXFileReference; fileEncoding = 4; lastKnownFileType = sourcecode.make; path = Makefile; sourceTree = "<group>"; };
		30B26D4A15659A46002A26CF /* README */ = {isa = PBXFileReference; fileEncoding = 4; lastKnownFileType = text; path = README; sourceTree = "<group>"; };
		30B26D4B15659A46002A26CF /* rtmpdump.1 */ = {isa = PBXFileReference; fileEncoding = 4; lastKnownFileType = text.man; path = rtmpdump.1; sourceTree = "<group>"; };
		30B26D4C15659A46002A26CF /* rtmpdump.1.html */ = {isa = PBXFileReference; fileEncoding = 4; lastKnownFileType = text.html; path = rtmpdump.1.html; sourceTree = "<group>"; };
		30B26D4D15659A46002A26CF /* rtmpdump.c */ = {isa = PBXFileReference; fileEncoding = 4; lastKnownFileType = sourcecode.c.c; path = rtmpdump.c; sourceTree = "<group>"; };
		30B26D4E15659A46002A26CF /* rtmpgw.8 */ = {isa = PBXFileReference; fileEncoding = 4; lastKnownFileType = text; path = rtmpgw.8; sourceTree = "<group>"; };
		30B26D4F15659A46002A26CF /* rtmpgw.8.html */ = {isa = PBXFileReference; fileEncoding = 4; lastKnownFileType = text.html; path = rtmpgw.8.html; sourceTree = "<group>"; };
		30B26D5015659A46002A26CF /* rtmpgw.c */ = {isa = PBXFileReference; fileEncoding = 4; lastKnownFileType = sourcecode.c.c; path = rtmpgw.c; sourceTree = "<group>"; };
		30B26D5115659A46002A26CF /* rtmpsrv.c */ = {isa = PBXFileReference; fileEncoding = 4; lastKnownFileType = sourcecode.c.c; path = rtmpsrv.c; sourceTree = "<group>"; };
		30B26D5215659A46002A26CF /* rtmpsuck.c */ = {isa = PBXFileReference; fileEncoding = 4; lastKnownFileType = sourcecode.c.c; path = rtmpsuck.c; sourceTree = "<group>"; };
		30B26D5315659A46002A26CF /* thread.c */ = {isa = PBXFileReference; fileEncoding = 4; lastKnownFileType = sourcecode.c.c; path = thread.c; sourceTree = "<group>"; };
		30B26D5415659A46002A26CF /* thread.h */ = {isa = PBXFileReference; fileEncoding = 4; lastKnownFileType = sourcecode.c.h; path = thread.h; sourceTree = "<group>"; };
		30B26D5615659A46002A26CF /* .depend */ = {isa = PBXFileReference; fileEncoding = 4; lastKnownFileType = text; path = .depend; sourceTree = "<group>"; };
		30B26D5715659A46002A26CF /* .gitignore */ = {isa = PBXFileReference; fileEncoding = 4; lastKnownFileType = text; path = .gitignore; sourceTree = "<group>"; };
		30B26D5815659A46002A26CF /* AUTHORS */ = {isa = PBXFileReference; fileEncoding = 4; lastKnownFileType = text; path = AUTHORS; sourceTree = "<group>"; };
		30B26D5B15659A46002A26CF /* asm.S */ = {isa = PBXFileReference; fileEncoding = 4; lastKnownFileType = sourcecode.asm; path = asm.S; sourceTree = "<group>"; };
		30B26D5C15659A46002A26CF /* cpu-a.S */ = {isa = PBXFileReference; fileEncoding = 4; lastKnownFileType = sourcecode.asm; path = "cpu-a.S"; sourceTree = "<group>"; };
		30B26D5D15659A46002A26CF /* dct-a.S */ = {isa = PBXFileReference; fileEncoding = 4; lastKnownFileType = sourcecode.asm; path = "dct-a.S"; sourceTree = "<group>"; };
		30B26D5E15659A46002A26CF /* dct.h */ = {isa = PBXFileReference; fileEncoding = 4; lastKnownFileType = sourcecode.c.h; path = dct.h; sourceTree = "<group>"; };
		30B26D5F15659A46002A26CF /* deblock-a.S */ = {isa = PBXFileReference; fileEncoding = 4; lastKnownFileType = sourcecode.asm; path = "deblock-a.S"; sourceTree = "<group>"; };
		30B26D6015659A46002A26CF /* mc-a.S */ = {isa = PBXFileReference; fileEncoding = 4; lastKnownFileType = sourcecode.asm; path = "mc-a.S"; sourceTree = "<group>"; };
		30B26D6115659A46002A26CF /* mc-c.c */ = {isa = PBXFileReference; fileEncoding = 4; lastKnownFileType = sourcecode.c.c; path = "mc-c.c"; sourceTree = "<group>"; };
		30B26D6215659A46002A26CF /* mc.h */ = {isa = PBXFileReference; fileEncoding = 4; lastKnownFileType = sourcecode.c.h; path = mc.h; sourceTree = "<group>"; };
		30B26D6315659A46002A26CF /* pixel-a.S */ = {isa = PBXFileReference; fileEncoding = 4; lastKnownFileType = sourcecode.asm; path = "pixel-a.S"; sourceTree = "<group>"; };
		30B26D6415659A46002A26CF /* pixel.h */ = {isa = PBXFileReference; fileEncoding = 4; lastKnownFileType = sourcecode.c.h; path = pixel.h; sourceTree = "<group>"; };
		30B26D6515659A46002A26CF /* predict-a.S */ = {isa = PBXFileReference; fileEncoding = 4; lastKnownFileType = sourcecode.asm; path = "predict-a.S"; sourceTree = "<group>"; };
		30B26D6615659A46002A26CF /* predict-c.c */ = {isa = PBXFileReference; fileEncoding = 4; lastKnownFileType = sourcecode.c.c; path = "predict-c.c"; sourceTree = "<group>"; };
		30B26D6715659A46002A26CF /* predict.h */ = {isa = PBXFileReference; fileEncoding = 4; lastKnownFileType = sourcecode.c.h; path = predict.h; sourceTree = "<group>"; };
		30B26D6815659A46002A26CF /* quant-a.S */ = {isa = PBXFileReference; fileEncoding = 4; lastKnownFileType = sourcecode.asm; path = "quant-a.S"; sourceTree = "<group>"; };
		30B26D6915659A46002A26CF /* quant.h */ = {isa = PBXFileReference; fileEncoding = 4; lastKnownFileType = sourcecode.c.h; path = quant.h; sourceTree = "<group>"; };
		30B26D6A15659A46002A26CF /* bitstream.c */ = {isa = PBXFileReference; fileEncoding = 4; lastKnownFileType = sourcecode.c.c; path = bitstream.c; sourceTree = "<group>"; };
		30B26D6B15659A46002A26CF /* bitstream.h */ = {isa = PBXFileReference; fileEncoding = 4; lastKnownFileType = sourcecode.c.h; path = bitstream.h; sourceTree = "<group>"; };
		30B26D6C15659A46002A26CF /* bitstream.o */ = {isa = PBXFileReference; lastKnownFileType = "compiled.mach-o.objfile"; path = bitstream.o; sourceTree = "<group>"; };
		30B26D6D15659A46002A26CF /* cabac.c */ = {isa = PBXFileReference; fileEncoding = 4; lastKnownFileType = sourcecode.c.c; path = cabac.c; sourceTree = "<group>"; };
		30B26D6E15659A46002A26CF /* cabac.h */ = {isa = PBXFileReference; fileEncoding = 4; lastKnownFileType = sourcecode.c.h; path = cabac.h; sourceTree = "<group>"; };
		30B26D6F15659A46002A26CF /* cabac.o */ = {isa = PBXFileReference; lastKnownFileType = "compiled.mach-o.objfile"; path = cabac.o; sourceTree = "<group>"; };
		30B26D7015659A46002A26CF /* common.c */ = {isa = PBXFileReference; fileEncoding = 4; lastKnownFileType = sourcecode.c.c; path = common.c; sourceTree = "<group>"; };
		30B26D7115659A46002A26CF /* common.h */ = {isa = PBXFileReference; fileEncoding = 4; lastKnownFileType = sourcecode.c.h; path = common.h; sourceTree = "<group>"; };
		30B26D7215659A46002A26CF /* common.o */ = {isa = PBXFileReference; lastKnownFileType = "compiled.mach-o.objfile"; path = common.o; sourceTree = "<group>"; };
		30B26D7315659A46002A26CF /* cpu.c */ = {isa = PBXFileReference; fileEncoding = 4; lastKnownFileType = sourcecode.c.c; path = cpu.c; sourceTree = "<group>"; };
		30B26D7415659A46002A26CF /* cpu.h */ = {isa = PBXFileReference; fileEncoding = 4; lastKnownFileType = sourcecode.c.h; path = cpu.h; sourceTree = "<group>"; };
		30B26D7515659A46002A26CF /* cpu.o */ = {isa = PBXFileReference; lastKnownFileType = "compiled.mach-o.objfile"; path = cpu.o; sourceTree = "<group>"; };
		30B26D7615659A46002A26CF /* dct.c */ = {isa = PBXFileReference; fileEncoding = 4; lastKnownFileType = sourcecode.c.c; path = dct.c; sourceTree = "<group>"; };
		30B26D7715659A46002A26CF /* dct.h */ = {isa = PBXFileReference; fileEncoding = 4; lastKnownFileType = sourcecode.c.h; path = dct.h; sourceTree = "<group>"; };
		30B26D7815659A46002A26CF /* dct.o */ = {isa = PBXFileReference; lastKnownFileType = "compiled.mach-o.objfile"; path = dct.o; sourceTree = "<group>"; };
		30B26D7915659A46002A26CF /* deblock.c */ = {isa = PBXFileReference; fileEncoding = 4; lastKnownFileType = sourcecode.c.c; path = deblock.c; sourceTree = "<group>"; };
		30B26D7A15659A46002A26CF /* deblock.o */ = {isa = PBXFileReference; lastKnownFileType = "compiled.mach-o.objfile"; path = deblock.o; sourceTree = "<group>"; };
		30B26D7B15659A46002A26CF /* display-x11.c */ = {isa = PBXFileReference; fileEncoding = 4; lastKnownFileType = sourcecode.c.c; path = "display-x11.c"; sourceTree = "<group>"; };
		30B26D7C15659A46002A26CF /* display.h */ = {isa = PBXFileReference; fileEncoding = 4; lastKnownFileType = sourcecode.c.h; path = display.h; sourceTree = "<group>"; };
		30B26D7D15659A46002A26CF /* frame.c */ = {isa = PBXFileReference; fileEncoding = 4; lastKnownFileType = sourcecode.c.c; path = frame.c; sourceTree = "<group>"; };
		30B26D7E15659A46002A26CF /* frame.h */ = {isa = PBXFileReference; fileEncoding = 4; lastKnownFileType = sourcecode.c.h; path = frame.h; sourceTree = "<group>"; };
		30B26D7F15659A46002A26CF /* frame.o */ = {isa = PBXFileReference; lastKnownFileType = "compiled.mach-o.objfile"; path = frame.o; sourceTree = "<group>"; };
		30B26D8015659A46002A26CF /* macroblock.c */ = {isa = PBXFileReference; fileEncoding = 4; lastKnownFileType = sourcecode.c.c; path = macroblock.c; sourceTree = "<group>"; };
		30B26D8115659A46002A26CF /* macroblock.h */ = {isa = PBXFileReference; fileEncoding = 4; lastKnownFileType = sourcecode.c.h; path = macroblock.h; sourceTree = "<group>"; };
		30B26D8215659A46002A26CF /* macroblock.o */ = {isa = PBXFileReference; lastKnownFileType = "compiled.mach-o.objfile"; path = macroblock.o; sourceTree = "<group>"; };
		30B26D8315659A46002A26CF /* mc.c */ = {isa = PBXFileReference; fileEncoding = 4; lastKnownFileType = sourcecode.c.c; path = mc.c; sourceTree = "<group>"; };
		30B26D8415659A46002A26CF /* mc.h */ = {isa = PBXFileReference; fileEncoding = 4; lastKnownFileType = sourcecode.c.h; path = mc.h; sourceTree = "<group>"; };
		30B26D8515659A46002A26CF /* mc.o */ = {isa = PBXFileReference; lastKnownFileType = "compiled.mach-o.objfile"; path = mc.o; sourceTree = "<group>"; };
		30B26D8615659A46002A26CF /* mvpred.c */ = {isa = PBXFileReference; fileEncoding = 4; lastKnownFileType = sourcecode.c.c; path = mvpred.c; sourceTree = "<group>"; };
		30B26D8715659A46002A26CF /* mvpred.o */ = {isa = PBXFileReference; lastKnownFileType = "compiled.mach-o.objfile"; path = mvpred.o; sourceTree = "<group>"; };
		30B26D8815659A46002A26CF /* osdep.c */ = {isa = PBXFileReference; fileEncoding = 4; lastKnownFileType = sourcecode.c.c; path = osdep.c; sourceTree = "<group>"; };
		30B26D8915659A46002A26CF /* osdep.h */ = {isa = PBXFileReference; fileEncoding = 4; lastKnownFileType = sourcecode.c.h; path = osdep.h; sourceTree = "<group>"; };
		30B26D8A15659A46002A26CF /* osdep.o */ = {isa = PBXFileReference; lastKnownFileType = "compiled.mach-o.objfile"; path = osdep.o; sourceTree = "<group>"; };
		30B26D8B15659A46002A26CF /* pixel.c */ = {isa = PBXFileReference; fileEncoding = 4; lastKnownFileType = sourcecode.c.c; path = pixel.c; sourceTree = "<group>"; };
		30B26D8C15659A46002A26CF /* pixel.h */ = {isa = PBXFileReference; fileEncoding = 4; lastKnownFileType = sourcecode.c.h; path = pixel.h; sourceTree = "<group>"; };
		30B26D8D15659A46002A26CF /* pixel.o */ = {isa = PBXFileReference; lastKnownFileType = "compiled.mach-o.objfile"; path = pixel.o; sourceTree = "<group>"; };
		30B26D8F15659A46002A26CF /* dct.c */ = {isa = PBXFileReference; fileEncoding = 4; lastKnownFileType = sourcecode.c.c; path = dct.c; sourceTree = "<group>"; };
		30B26D9015659A46002A26CF /* dct.h */ = {isa = PBXFileReference; fileEncoding = 4; lastKnownFileType = sourcecode.c.h; path = dct.h; sourceTree = "<group>"; };
		30B26D9115659A46002A26CF /* deblock.c */ = {isa = PBXFileReference; fileEncoding = 4; lastKnownFileType = sourcecode.c.c; path = deblock.c; sourceTree = "<group>"; };
		30B26D9215659A46002A26CF /* mc.c */ = {isa = PBXFileReference; fileEncoding = 4; lastKnownFileType = sourcecode.c.c; path = mc.c; sourceTree = "<group>"; };
		30B26D9315659A46002A26CF /* mc.h */ = {isa = PBXFileReference; fileEncoding = 4; lastKnownFileType = sourcecode.c.h; path = mc.h; sourceTree = "<group>"; };
		30B26D9415659A46002A26CF /* pixel.c */ = {isa = PBXFileReference; fileEncoding = 4; lastKnownFileType = sourcecode.c.c; path = pixel.c; sourceTree = "<group>"; };
		30B26D9515659A46002A26CF /* pixel.h */ = {isa = PBXFileReference; fileEncoding = 4; lastKnownFileType = sourcecode.c.h; path = pixel.h; sourceTree = "<group>"; };
		30B26D9615659A46002A26CF /* ppccommon.h */ = {isa = PBXFileReference; fileEncoding = 4; lastKnownFileType = sourcecode.c.h; path = ppccommon.h; sourceTree = "<group>"; };
		30B26D9715659A46002A26CF /* predict.c */ = {isa = PBXFileReference; fileEncoding = 4; lastKnownFileType = sourcecode.c.c; path = predict.c; sourceTree = "<group>"; };
		30B26D9815659A46002A26CF /* predict.h */ = {isa = PBXFileReference; fileEncoding = 4; lastKnownFileType = sourcecode.c.h; path = predict.h; sourceTree = "<group>"; };
		30B26D9915659A46002A26CF /* quant.c */ = {isa = PBXFileReference; fileEncoding = 4; lastKnownFileType = sourcecode.c.c; path = quant.c; sourceTree = "<group>"; };
		30B26D9A15659A46002A26CF /* quant.h */ = {isa = PBXFileReference; fileEncoding = 4; lastKnownFileType = sourcecode.c.h; path = quant.h; sourceTree = "<group>"; };
		30B26D9B15659A46002A26CF /* predict.c */ = {isa = PBXFileReference; fileEncoding = 4; lastKnownFileType = sourcecode.c.c; path = predict.c; sourceTree = "<group>"; };
		30B26D9C15659A46002A26CF /* predict.h */ = {isa = PBXFileReference; fileEncoding = 4; lastKnownFileType = sourcecode.c.h; path = predict.h; sourceTree = "<group>"; };
		30B26D9D15659A46002A26CF /* predict.o */ = {isa = PBXFileReference; lastKnownFileType = "compiled.mach-o.objfile"; path = predict.o; sourceTree = "<group>"; };
		30B26D9E15659A46002A26CF /* quant.c */ = {isa = PBXFileReference; fileEncoding = 4; lastKnownFileType = sourcecode.c.c; path = quant.c; sourceTree = "<group>"; };
		30B26D9F15659A46002A26CF /* quant.h */ = {isa = PBXFileReference; fileEncoding = 4; lastKnownFileType = sourcecode.c.h; path = quant.h; sourceTree = "<group>"; };
		30B26DA015659A46002A26CF /* quant.o */ = {isa = PBXFileReference; lastKnownFileType = "compiled.mach-o.objfile"; path = quant.o; sourceTree = "<group>"; };
		30B26DA115659A46002A26CF /* rectangle.c */ = {isa = PBXFileReference; fileEncoding = 4; lastKnownFileType = sourcecode.c.c; path = rectangle.c; sourceTree = "<group>"; };
		30B26DA215659A46002A26CF /* rectangle.h */ = {isa = PBXFileReference; fileEncoding = 4; lastKnownFileType = sourcecode.c.h; path = rectangle.h; sourceTree = "<group>"; };
		30B26DA315659A46002A26CF /* rectangle.o */ = {isa = PBXFileReference; lastKnownFileType = "compiled.mach-o.objfile"; path = rectangle.o; sourceTree = "<group>"; };
		30B26DA415659A46002A26CF /* set.c */ = {isa = PBXFileReference; fileEncoding = 4; lastKnownFileType = sourcecode.c.c; path = set.c; sourceTree = "<group>"; };
		30B26DA515659A46002A26CF /* set.h */ = {isa = PBXFileReference; fileEncoding = 4; lastKnownFileType = sourcecode.c.h; path = set.h; sourceTree = "<group>"; };
		30B26DA615659A46002A26CF /* set.o */ = {isa = PBXFileReference; lastKnownFileType = "compiled.mach-o.objfile"; path = set.o; sourceTree = "<group>"; };
		30B26DA815659A46002A26CF /* pixel.asm */ = {isa = PBXFileReference; lastKnownFileType = sourcecode.asm.asm; path = pixel.asm; sourceTree = "<group>"; };
		30B26DA915659A46002A26CF /* pixel.h */ = {isa = PBXFileReference; fileEncoding = 4; lastKnownFileType = sourcecode.c.h; path = pixel.h; sourceTree = "<group>"; };
		30B26DAA15659A46002A26CF /* threadpool.c */ = {isa = PBXFileReference; fileEncoding = 4; lastKnownFileType = sourcecode.c.c; path = threadpool.c; sourceTree = "<group>"; };
		30B26DAB15659A46002A26CF /* threadpool.h */ = {isa = PBXFileReference; fileEncoding = 4; lastKnownFileType = sourcecode.c.h; path = threadpool.h; sourceTree = "<group>"; };
		30B26DAC15659A46002A26CF /* threadpool.o */ = {isa = PBXFileReference; lastKnownFileType = "compiled.mach-o.objfile"; path = threadpool.o; sourceTree = "<group>"; };
		30B26DAD15659A46002A26CF /* visualize.c */ = {isa = PBXFileReference; fileEncoding = 4; lastKnownFileType = sourcecode.c.c; path = visualize.c; sourceTree = "<group>"; };
		30B26DAE15659A46002A26CF /* visualize.h */ = {isa = PBXFileReference; fileEncoding = 4; lastKnownFileType = sourcecode.c.h; path = visualize.h; sourceTree = "<group>"; };
		30B26DAF15659A46002A26CF /* vlc.c */ = {isa = PBXFileReference; fileEncoding = 4; lastKnownFileType = sourcecode.c.c; path = vlc.c; sourceTree = "<group>"; };
		30B26DB015659A46002A26CF /* vlc.o */ = {isa = PBXFileReference; lastKnownFileType = "compiled.mach-o.objfile"; path = vlc.o; sourceTree = "<group>"; };
		30B26DB115659A46002A26CF /* win32thread.c */ = {isa = PBXFileReference; fileEncoding = 4; lastKnownFileType = sourcecode.c.c; path = win32thread.c; sourceTree = "<group>"; };
		30B26DB215659A46002A26CF /* win32thread.h */ = {isa = PBXFileReference; fileEncoding = 4; lastKnownFileType = sourcecode.c.h; path = win32thread.h; sourceTree = "<group>"; };
		30B26DB415659A46002A26CF /* bitstream-a.asm */ = {isa = PBXFileReference; lastKnownFileType = sourcecode.asm.asm; path = "bitstream-a.asm"; sourceTree = "<group>"; };
		30B26DB515659A46002A26CF /* bitstream-a.o */ = {isa = PBXFileReference; lastKnownFileType = "compiled.mach-o.objfile"; path = "bitstream-a.o"; sourceTree = "<group>"; };
		30B26DB615659A46002A26CF /* cabac-a.asm */ = {isa = PBXFileReference; lastKnownFileType = sourcecode.asm.asm; path = "cabac-a.asm"; sourceTree = "<group>"; };
		30B26DB715659A46002A26CF /* cabac-a.o */ = {isa = PBXFileReference; lastKnownFileType = "compiled.mach-o.objfile"; path = "cabac-a.o"; sourceTree = "<group>"; };
		30B26DB815659A46002A26CF /* const-a.asm */ = {isa = PBXFileReference; lastKnownFileType = sourcecode.asm.asm; path = "const-a.asm"; sourceTree = "<group>"; };
		30B26DB915659A46002A26CF /* const-a.o */ = {isa = PBXFileReference; lastKnownFileType = "compiled.mach-o.objfile"; path = "const-a.o"; sourceTree = "<group>"; };
		30B26DBA15659A46002A26CF /* cpu-a.asm */ = {isa = PBXFileReference; lastKnownFileType = sourcecode.asm.asm; path = "cpu-a.asm"; sourceTree = "<group>"; };
		30B26DBB15659A46002A26CF /* cpu-a.o */ = {isa = PBXFileReference; lastKnownFileType = "compiled.mach-o.objfile"; path = "cpu-a.o"; sourceTree = "<group>"; };
		30B26DBC15659A46002A26CF /* dct-32.asm */ = {isa = PBXFileReference; lastKnownFileType = sourcecode.asm.asm; path = "dct-32.asm"; sourceTree = "<group>"; };
		30B26DBD15659A46002A26CF /* dct-64.asm */ = {isa = PBXFileReference; lastKnownFileType = sourcecode.asm.asm; path = "dct-64.asm"; sourceTree = "<group>"; };
		30B26DBE15659A46002A26CF /* dct-64.o */ = {isa = PBXFileReference; lastKnownFileType = "compiled.mach-o.objfile"; path = "dct-64.o"; sourceTree = "<group>"; };
		30B26DBF15659A46002A26CF /* dct-a.asm */ = {isa = PBXFileReference; lastKnownFileType = sourcecode.asm.asm; path = "dct-a.asm"; sourceTree = "<group>"; };
		30B26DC015659A46002A26CF /* dct-a.o */ = {isa = PBXFileReference; lastKnownFileType = "compiled.mach-o.objfile"; path = "dct-a.o"; sourceTree = "<group>"; };
		30B26DC115659A46002A26CF /* dct.h */ = {isa = PBXFileReference; fileEncoding = 4; lastKnownFileType = sourcecode.c.h; path = dct.h; sourceTree = "<group>"; };
		30B26DC215659A46002A26CF /* deblock-a.asm */ = {isa = PBXFileReference; lastKnownFileType = sourcecode.asm.asm; path = "deblock-a.asm"; sourceTree = "<group>"; };
		30B26DC315659A46002A26CF /* deblock-a.o */ = {isa = PBXFileReference; lastKnownFileType = "compiled.mach-o.objfile"; path = "deblock-a.o"; sourceTree = "<group>"; };
		30B26DC415659A46002A26CF /* mc-a.asm */ = {isa = PBXFileReference; lastKnownFileType = sourcecode.asm.asm; path = "mc-a.asm"; sourceTree = "<group>"; };
		30B26DC515659A46002A26CF /* mc-a.o */ = {isa = PBXFileReference; lastKnownFileType = "compiled.mach-o.objfile"; path = "mc-a.o"; sourceTree = "<group>"; };
		30B26DC615659A46002A26CF /* mc-a2.asm */ = {isa = PBXFileReference; lastKnownFileType = sourcecode.asm.asm; path = "mc-a2.asm"; sourceTree = "<group>"; };
		30B26DC715659A46002A26CF /* mc-a2.o */ = {isa = PBXFileReference; lastKnownFileType = "compiled.mach-o.objfile"; path = "mc-a2.o"; sourceTree = "<group>"; };
		30B26DC815659A46002A26CF /* mc-c.c */ = {isa = PBXFileReference; fileEncoding = 4; lastKnownFileType = sourcecode.c.c; path = "mc-c.c"; sourceTree = "<group>"; };
		30B26DC915659A46002A26CF /* mc-c.o */ = {isa = PBXFileReference; lastKnownFileType = "compiled.mach-o.objfile"; path = "mc-c.o"; sourceTree = "<group>"; };
		30B26DCA15659A46002A26CF /* mc.h */ = {isa = PBXFileReference; fileEncoding = 4; lastKnownFileType = sourcecode.c.h; path = mc.h; sourceTree = "<group>"; };
		30B26DCB15659A46002A26CF /* pixel-32.asm */ = {isa = PBXFileReference; lastKnownFileType = sourcecode.asm.asm; path = "pixel-32.asm"; sourceTree = "<group>"; };
		30B26DCC15659A46002A26CF /* pixel-a.asm */ = {isa = PBXFileReference; lastKnownFileType = sourcecode.asm.asm; path = "pixel-a.asm"; sourceTree = "<group>"; };
		30B26DCD15659A46002A26CF /* pixel-a.o */ = {isa = PBXFileReference; lastKnownFileType = "compiled.mach-o.objfile"; path = "pixel-a.o"; sourceTree = "<group>"; };
		30B26DCE15659A46002A26CF /* pixel.h */ = {isa = PBXFileReference; fileEncoding = 4; lastKnownFileType = sourcecode.c.h; path = pixel.h; sourceTree = "<group>"; };
		30B26DCF15659A46002A26CF /* predict-a.asm */ = {isa = PBXFileReference; lastKnownFileType = sourcecode.asm.asm; path = "predict-a.asm"; sourceTree = "<group>"; };
		30B26DD015659A46002A26CF /* predict-a.o */ = {isa = PBXFileReference; lastKnownFileType = "compiled.mach-o.objfile"; path = "predict-a.o"; sourceTree = "<group>"; };
		30B26DD115659A46002A26CF /* predict-c.c */ = {isa = PBXFileReference; fileEncoding = 4; lastKnownFileType = sourcecode.c.c; path = "predict-c.c"; sourceTree = "<group>"; };
		30B26DD215659A46002A26CF /* predict-c.o */ = {isa = PBXFileReference; lastKnownFileType = "compiled.mach-o.objfile"; path = "predict-c.o"; sourceTree = "<group>"; };
		30B26DD315659A46002A26CF /* predict.h */ = {isa = PBXFileReference; fileEncoding = 4; lastKnownFileType = sourcecode.c.h; path = predict.h; sourceTree = "<group>"; };
		30B26DD415659A46002A26CF /* quant-a.asm */ = {isa = PBXFileReference; lastKnownFileType = sourcecode.asm.asm; path = "quant-a.asm"; sourceTree = "<group>"; };
		30B26DD515659A46002A26CF /* quant-a.o */ = {isa = PBXFileReference; lastKnownFileType = "compiled.mach-o.objfile"; path = "quant-a.o"; sourceTree = "<group>"; };
		30B26DD615659A46002A26CF /* quant.h */ = {isa = PBXFileReference; fileEncoding = 4; lastKnownFileType = sourcecode.c.h; path = quant.h; sourceTree = "<group>"; };
		30B26DD715659A46002A26CF /* sad-a.asm */ = {isa = PBXFileReference; lastKnownFileType = sourcecode.asm.asm; path = "sad-a.asm"; sourceTree = "<group>"; };
		30B26DD815659A46002A26CF /* sad-a.o */ = {isa = PBXFileReference; lastKnownFileType = "compiled.mach-o.objfile"; path = "sad-a.o"; sourceTree = "<group>"; };
		30B26DD915659A46002A26CF /* sad16-a.asm */ = {isa = PBXFileReference; lastKnownFileType = sourcecode.asm.asm; path = "sad16-a.asm"; sourceTree = "<group>"; };
		30B26DDA15659A46002A26CF /* trellis-64.asm */ = {isa = PBXFileReference; lastKnownFileType = sourcecode.asm.asm; path = "trellis-64.asm"; sourceTree = "<group>"; };
		30B26DDB15659A46002A26CF /* trellis-64.o */ = {isa = PBXFileReference; lastKnownFileType = "compiled.mach-o.objfile"; path = "trellis-64.o"; sourceTree = "<group>"; };
		30B26DDC15659A46002A26CF /* util.h */ = {isa = PBXFileReference; fileEncoding = 4; lastKnownFileType = sourcecode.c.h; path = util.h; sourceTree = "<group>"; };
		30B26DDD15659A46002A26CF /* x86inc.asm */ = {isa = PBXFileReference; lastKnownFileType = sourcecode.asm.asm; path = x86inc.asm; sourceTree = "<group>"; };
		30B26DDE15659A46002A26CF /* x86util.asm */ = {isa = PBXFileReference; lastKnownFileType = sourcecode.asm.asm; path = x86util.asm; sourceTree = "<group>"; };
		30B26DDF15659A46002A26CF /* config.guess */ = {isa = PBXFileReference; fileEncoding = 4; lastKnownFileType = text.script.sh; path = config.guess; sourceTree = "<group>"; };
		30B26DE015659A46002A26CF /* config.h */ = {isa = PBXFileReference; fileEncoding = 4; lastKnownFileType = sourcecode.c.h; path = config.h; sourceTree = "<group>"; };
		30B26DE115659A46002A26CF /* config.log */ = {isa = PBXFileReference; fileEncoding = 4; lastKnownFileType = text; path = config.log; sourceTree = "<group>"; };
		30B26DE215659A46002A26CF /* config.mak */ = {isa = PBXFileReference; fileEncoding = 4; lastKnownFileType = sourcecode.make; path = config.mak; sourceTree = "<group>"; };
		30B26DE315659A46002A26CF /* config.sub */ = {isa = PBXFileReference; fileEncoding = 4; lastKnownFileType = text.script.sh; path = config.sub; sourceTree = "<group>"; };
		30B26DE415659A46002A26CF /* configure */ = {isa = PBXFileReference; fileEncoding = 4; lastKnownFileType = text.script.sh; path = configure; sourceTree = "<group>"; };
		30B26DE515659A46002A26CF /* COPYING */ = {isa = PBXFileReference; fileEncoding = 4; lastKnownFileType = text; path = COPYING; sourceTree = "<group>"; };
		30B26DE715659A46002A26CF /* ratecontrol.txt */ = {isa = PBXFileReference; fileEncoding = 4; lastKnownFileType = text; path = ratecontrol.txt; sourceTree = "<group>"; };
		30B26DE815659A46002A26CF /* regression_test.txt */ = {isa = PBXFileReference; fileEncoding = 4; lastKnownFileType = text; path = regression_test.txt; sourceTree = "<group>"; };
		30B26DE915659A46002A26CF /* standards.txt */ = {isa = PBXFileReference; fileEncoding = 4; lastKnownFileType = text; path = standards.txt; sourceTree = "<group>"; };
		30B26DEA15659A46002A26CF /* threads.txt */ = {isa = PBXFileReference; fileEncoding = 4; lastKnownFileType = text; path = threads.txt; sourceTree = "<group>"; };
		30B26DEB15659A46002A26CF /* vui.txt */ = {isa = PBXFileReference; fileEncoding = 4; lastKnownFileType = text; path = vui.txt; sourceTree = "<group>"; };
		30B26DED15659A46002A26CF /* analyse.c */ = {isa = PBXFileReference; fileEncoding = 4; lastKnownFileType = sourcecode.c.c; path = analyse.c; sourceTree = "<group>"; };
		30B26DEE15659A46002A26CF /* analyse.h */ = {isa = PBXFileReference; fileEncoding = 4; lastKnownFileType = sourcecode.c.h; path = analyse.h; sourceTree = "<group>"; };
		30B26DEF15659A46002A26CF /* analyse.o */ = {isa = PBXFileReference; lastKnownFileType = "compiled.mach-o.objfile"; path = analyse.o; sourceTree = "<group>"; };
		30B26DF015659A46002A26CF /* cabac.c */ = {isa = PBXFileReference; fileEncoding = 4; lastKnownFileType = sourcecode.c.c; path = cabac.c; sourceTree = "<group>"; };
		30B26DF115659A46002A26CF /* cabac.o */ = {isa = PBXFileReference; lastKnownFileType = "compiled.mach-o.objfile"; path = cabac.o; sourceTree = "<group>"; };
		30B26DF215659A46002A26CF /* cavlc.c */ = {isa = PBXFileReference; fileEncoding = 4; lastKnownFileType = sourcecode.c.c; path = cavlc.c; sourceTree = "<group>"; };
		30B26DF315659A46002A26CF /* cavlc.o */ = {isa = PBXFileReference; lastKnownFileType = "compiled.mach-o.objfile"; path = cavlc.o; sourceTree = "<group>"; };
		30B26DF415659A46002A26CF /* encoder.c */ = {isa = PBXFileReference; fileEncoding = 4; lastKnownFileType = sourcecode.c.c; path = encoder.c; sourceTree = "<group>"; };
		30B26DF515659A46002A26CF /* encoder.o */ = {isa = PBXFileReference; lastKnownFileType = "compiled.mach-o.objfile"; path = encoder.o; sourceTree = "<group>"; };
		30B26DF615659A46002A26CF /* lookahead.c */ = {isa = PBXFileReference; fileEncoding = 4; lastKnownFileType = sourcecode.c.c; path = lookahead.c; sourceTree = "<group>"; };
		30B26DF715659A46002A26CF /* lookahead.o */ = {isa = PBXFileReference; lastKnownFileType = "compiled.mach-o.objfile"; path = lookahead.o; sourceTree = "<group>"; };
		30B26DF815659A46002A26CF /* macroblock.c */ = {isa = PBXFileReference; fileEncoding = 4; lastKnownFileType = sourcecode.c.c; path = macroblock.c; sourceTree = "<group>"; };
		30B26DF915659A46002A26CF /* macroblock.h */ = {isa = PBXFileReference; fileEncoding = 4; lastKnownFileType = sourcecode.c.h; path = macroblock.h; sourceTree = "<group>"; };
		30B26DFA15659A46002A26CF /* macroblock.o */ = {isa = PBXFileReference; lastKnownFileType = "compiled.mach-o.objfile"; path = macroblock.o; sourceTree = "<group>"; };
		30B26DFB15659A46002A26CF /* me.c */ = {isa = PBXFileReference; fileEncoding = 4; lastKnownFileType = sourcecode.c.c; path = me.c; sourceTree = "<group>"; };
		30B26DFC15659A46002A26CF /* me.h */ = {isa = PBXFileReference; fileEncoding = 4; lastKnownFileType = sourcecode.c.h; path = me.h; sourceTree = "<group>"; };
		30B26DFD15659A46002A26CF /* me.o */ = {isa = PBXFileReference; lastKnownFileType = "compiled.mach-o.objfile"; path = me.o; sourceTree = "<group>"; };
		30B26DFE15659A46002A26CF /* ratecontrol.c */ = {isa = PBXFileReference; fileEncoding = 4; lastKnownFileType = sourcecode.c.c; path = ratecontrol.c; sourceTree = "<group>"; };
		30B26DFF15659A46002A26CF /* ratecontrol.h */ = {isa = PBXFileReference; fileEncoding = 4; lastKnownFileType = sourcecode.c.h; path = ratecontrol.h; sourceTree = "<group>"; };
		30B26E0015659A46002A26CF /* ratecontrol.o */ = {isa = PBXFileReference; lastKnownFileType = "compiled.mach-o.objfile"; path = ratecontrol.o; sourceTree = "<group>"; };
		30B26E0115659A46002A26CF /* rdo.c */ = {isa = PBXFileReference; fileEncoding = 4; lastKnownFileType = sourcecode.c.c; path = rdo.c; sourceTree = "<group>"; };
		30B26E0215659A46002A26CF /* set.c */ = {isa = PBXFileReference; fileEncoding = 4; lastKnownFileType = sourcecode.c.c; path = set.c; sourceTree = "<group>"; };
		30B26E0315659A46002A26CF /* set.h */ = {isa = PBXFileReference; fileEncoding = 4; lastKnownFileType = sourcecode.c.h; path = set.h; sourceTree = "<group>"; };
		30B26E0415659A46002A26CF /* set.o */ = {isa = PBXFileReference; lastKnownFileType = "compiled.mach-o.objfile"; path = set.o; sourceTree = "<group>"; };
		30B26E0515659A46002A26CF /* slicetype.c */ = {isa = PBXFileReference; fileEncoding = 4; lastKnownFileType = sourcecode.c.c; path = slicetype.c; sourceTree = "<group>"; };
		30B26E0715659A46002A26CF /* avisynth_c.h */ = {isa = PBXFileReference; fileEncoding = 4; lastKnownFileType = sourcecode.c.h; path = avisynth_c.h; sourceTree = "<group>"; };
		30B26E0815659A46002A26CF /* gas-preprocessor.pl */ = {isa = PBXFileReference; fileEncoding = 4; lastKnownFileType = text.script.perl; path = "gas-preprocessor.pl"; sourceTree = "<group>"; };
		30B26E0915659A46002A26CF /* getopt.c */ = {isa = PBXFileReference; fileEncoding = 4; lastKnownFileType = sourcecode.c.c; path = getopt.c; sourceTree = "<group>"; };
		30B26E0A15659A46002A26CF /* getopt.h */ = {isa = PBXFileReference; fileEncoding = 4; lastKnownFileType = sourcecode.c.h; path = getopt.h; sourceTree = "<group>"; };
		30B26E0B15659A46002A26CF /* inttypes.h */ = {isa = PBXFileReference; fileEncoding = 4; lastKnownFileType = sourcecode.c.h; path = inttypes.h; sourceTree = "<group>"; };
		30B26E0C15659A46002A26CF /* stdint.h */ = {isa = PBXFileReference; fileEncoding = 4; lastKnownFileType = sourcecode.c.h; path = stdint.h; sourceTree = "<group>"; };
		30B26E0E15659A46002A26CF /* filters.c */ = {isa = PBXFileReference; fileEncoding = 4; lastKnownFileType = sourcecode.c.c; path = filters.c; sourceTree = "<group>"; };
		30B26E0F15659A46002A26CF /* filters.h */ = {isa = PBXFileReference; fileEncoding = 4; lastKnownFileType = sourcecode.c.h; path = filters.h; sourceTree = "<group>"; };
		30B26E1015659A46002A26CF /* filters.o */ = {isa = PBXFileReference; lastKnownFileType = "compiled.mach-o.objfile"; path = filters.o; sourceTree = "<group>"; };
		30B26E1215659A46002A26CF /* cache.c */ = {isa = PBXFileReference; fileEncoding = 4; lastKnownFileType = sourcecode.c.c; path = cache.c; sourceTree = "<group>"; };
		30B26E1315659A46002A26CF /* cache.o */ = {isa = PBXFileReference; lastKnownFileType = "compiled.mach-o.objfile"; path = cache.o; sourceTree = "<group>"; };
		30B26E1415659A46002A26CF /* crop.c */ = {isa = PBXFileReference; fileEncoding = 4; lastKnownFileType = sourcecode.c.c; path = crop.c; sourceTree = "<group>"; };
		30B26E1515659A46002A26CF /* crop.o */ = {isa = PBXFileReference; lastKnownFileType = "compiled.mach-o.objfile"; path = crop.o; sourceTree = "<group>"; };
		30B26E1615659A46002A26CF /* depth.c */ = {isa = PBXFileReference; fileEncoding = 4; lastKnownFileType = sourcecode.c.c; path = depth.c; sourceTree = "<group>"; };
		30B26E1715659A46002A26CF /* depth.o */ = {isa = PBXFileReference; lastKnownFileType = "compiled.mach-o.objfile"; path = depth.o; sourceTree = "<group>"; };
		30B26E1815659A46002A26CF /* fix_vfr_pts.c */ = {isa = PBXFileReference; fileEncoding = 4; lastKnownFileType = sourcecode.c.c; path = fix_vfr_pts.c; sourceTree = "<group>"; };
		30B26E1915659A46002A26CF /* fix_vfr_pts.o */ = {isa = PBXFileReference; lastKnownFileType = "compiled.mach-o.objfile"; path = fix_vfr_pts.o; sourceTree = "<group>"; };
		30B26E1A15659A46002A26CF /* internal.c */ = {isa = PBXFileReference; fileEncoding = 4; lastKnownFileType = sourcecode.c.c; path = internal.c; sourceTree = "<group>"; };
		30B26E1B15659A46002A26CF /* internal.h */ = {isa = PBXFileReference; fileEncoding = 4; lastKnownFileType = sourcecode.c.h; path = internal.h; sourceTree = "<group>"; };
		30B26E1C15659A46002A26CF /* internal.o */ = {isa = PBXFileReference; lastKnownFileType = "compiled.mach-o.objfile"; path = internal.o; sourceTree = "<group>"; };
		30B26E1D15659A46002A26CF /* resize.c */ = {isa = PBXFileReference; fileEncoding = 4; lastKnownFileType = sourcecode.c.c; path = resize.c; sourceTree = "<group>"; };
		30B26E1E15659A46002A26CF /* resize.o */ = {isa = PBXFileReference; lastKnownFileType = "compiled.mach-o.objfile"; path = resize.o; sourceTree = "<group>"; };
		30B26E1F15659A46002A26CF /* select_every.c */ = {isa = PBXFileReference; fileEncoding = 4; lastKnownFileType = sourcecode.c.c; path = select_every.c; sourceTree = "<group>"; };
		30B26E2015659A46002A26CF /* select_every.o */ = {isa = PBXFileReference; lastKnownFileType = "compiled.mach-o.objfile"; path = select_every.o; sourceTree = "<group>"; };
		30B26E2115659A46002A26CF /* source.c */ = {isa = PBXFileReference; fileEncoding = 4; lastKnownFileType = sourcecode.c.c; path = source.c; sourceTree = "<group>"; };
		30B26E2215659A46002A26CF /* source.o */ = {isa = PBXFileReference; lastKnownFileType = "compiled.mach-o.objfile"; path = source.o; sourceTree = "<group>"; };
		30B26E2315659A46002A26CF /* video.c */ = {isa = PBXFileReference; fileEncoding = 4; lastKnownFileType = sourcecode.c.c; path = video.c; sourceTree = "<group>"; };
		30B26E2415659A46002A26CF /* video.h */ = {isa = PBXFileReference; fileEncoding = 4; lastKnownFileType = sourcecode.c.h; path = video.h; sourceTree = "<group>"; };
		30B26E2515659A46002A26CF /* video.o */ = {isa = PBXFileReference; lastKnownFileType = "compiled.mach-o.objfile"; path = video.o; sourceTree = "<group>"; };
		30B26E2715659A46002A26CF /* avs.c */ = {isa = PBXFileReference; fileEncoding = 4; lastKnownFileType = sourcecode.c.c; path = avs.c; sourceTree = "<group>"; };
		30B26E2815659A46002A26CF /* ffms.c */ = {isa = PBXFileReference; fileEncoding = 4; lastKnownFileType = sourcecode.c.c; path = ffms.c; sourceTree = "<group>"; };
		30B26E2915659A46002A26CF /* input.c */ = {isa = PBXFileReference; fileEncoding = 4; lastKnownFileType = sourcecode.c.c; path = input.c; sourceTree = "<group>"; };
		30B26E2A15659A46002A26CF /* input.h */ = {isa = PBXFileReference; fileEncoding = 4; lastKnownFileType = sourcecode.c.h; path = input.h; sourceTree = "<group>"; };
		30B26E2B15659A46002A26CF /* input.o */ = {isa = PBXFileReference; lastKnownFileType = "compiled.mach-o.objfile"; path = input.o; sourceTree = "<group>"; };
		30B26E2C15659A46002A26CF /* lavf.c */ = {isa = PBXFileReference; fileEncoding = 4; lastKnownFileType = sourcecode.c.c; path = lavf.c; sourceTree = "<group>"; };
		30B26E2D15659A46002A26CF /* lavf.o */ = {isa = PBXFileReference; lastKnownFileType = "compiled.mach-o.objfile"; path = lavf.o; sourceTree = "<group>"; };
		30B26E2E15659A46002A26CF /* raw.c */ = {isa = PBXFileReference; fileEncoding = 4; lastKnownFileType = sourcecode.c.c; path = raw.c; sourceTree = "<group>"; };
		30B26E2F15659A46002A26CF /* raw.o */ = {isa = PBXFileReference; lastKnownFileType = "compiled.mach-o.objfile"; path = raw.o; sourceTree = "<group>"; };
		30B26E3015659A46002A26CF /* thread.c */ = {isa = PBXFileReference; fileEncoding = 4; lastKnownFileType = sourcecode.c.c; path = thread.c; sourceTree = "<group>"; };
		30B26E3115659A46002A26CF /* thread.o */ = {isa = PBXFileReference; lastKnownFileType = "compiled.mach-o.objfile"; path = thread.o; sourceTree = "<group>"; };
		30B26E3215659A46002A26CF /* timecode.c */ = {isa = PBXFileReference; fileEncoding = 4; lastKnownFileType = sourcecode.c.c; path = timecode.c; sourceTree = "<group>"; };
		30B26E3315659A46002A26CF /* timecode.o */ = {isa = PBXFileReference; lastKnownFileType = "compiled.mach-o.objfile"; path = timecode.o; sourceTree = "<group>"; };
		30B26E3415659A46002A26CF /* y4m.c */ = {isa = PBXFileReference; fileEncoding = 4; lastKnownFileType = sourcecode.c.c; path = y4m.c; sourceTree = "<group>"; };
		30B26E3515659A46002A26CF /* y4m.o */ = {isa = PBXFileReference; lastKnownFileType = "compiled.mach-o.objfile"; path = y4m.o; sourceTree = "<group>"; };
		30B26E3615659A46002A26CF /* libx264.a */ = {isa = PBXFileReference; lastKnownFileType = archive.ar; path = libx264.a; sourceTree = "<group>"; };
		30B26E3715659A46002A26CF /* Makefile */ = {isa = PBXFileReference; fileEncoding = 4; lastKnownFileType = sourcecode.make; path = Makefile; sourceTree = "<group>"; };
		30B26E3915659A46002A26CF /* flv.c */ = {isa = PBXFileReference; fileEncoding = 4; lastKnownFileType = sourcecode.c.c; path = flv.c; sourceTree = "<group>"; };
		30B26E3A15659A46002A26CF /* flv.o */ = {isa = PBXFileReference; lastKnownFileType = "compiled.mach-o.objfile"; path = flv.o; sourceTree = "<group>"; };
		30B26E3B15659A46002A26CF /* flv_bytestream.c */ = {isa = PBXFileReference; fileEncoding = 4; lastKnownFileType = sourcecode.c.c; path = flv_bytestream.c; sourceTree = "<group>"; };
		30B26E3C15659A46002A26CF /* flv_bytestream.h */ = {isa = PBXFileReference; fileEncoding = 4; lastKnownFileType = sourcecode.c.h; path = flv_bytestream.h; sourceTree = "<group>"; };
		30B26E3D15659A46002A26CF /* flv_bytestream.o */ = {isa = PBXFileReference; lastKnownFileType = "compiled.mach-o.objfile"; path = flv_bytestream.o; sourceTree = "<group>"; };
		30B26E3E15659A46002A26CF /* matroska.c */ = {isa = PBXFileReference; fileEncoding = 4; lastKnownFileType = sourcecode.c.c; path = matroska.c; sourceTree = "<group>"; };
		30B26E3F15659A46002A26CF /* matroska.o */ = {isa = PBXFileReference; lastKnownFileType = "compiled.mach-o.objfile"; path = matroska.o; sourceTree = "<group>"; };
		30B26E4015659A46002A26CF /* matroska_ebml.c */ = {isa = PBXFileReference; fileEncoding = 4; lastKnownFileType = sourcecode.c.c; path = matroska_ebml.c; sourceTree = "<group>"; };
		30B26E4115659A46002A26CF /* matroska_ebml.h */ = {isa = PBXFileReference; fileEncoding = 4; lastKnownFileType = sourcecode.c.h; path = matroska_ebml.h; sourceTree = "<group>"; };
		30B26E4215659A46002A26CF /* matroska_ebml.o */ = {isa = PBXFileReference; lastKnownFileType = "compiled.mach-o.objfile"; path = matroska_ebml.o; sourceTree = "<group>"; };
		30B26E4315659A46002A26CF /* mp4.c */ = {isa = PBXFileReference; fileEncoding = 4; lastKnownFileType = sourcecode.c.c; path = mp4.c; sourceTree = "<group>"; };
		30B26E4415659A46002A26CF /* output.h */ = {isa = PBXFileReference; fileEncoding = 4; lastKnownFileType = sourcecode.c.h; path = output.h; sourceTree = "<group>"; };
		30B26E4515659A46002A26CF /* raw.c */ = {isa = PBXFileReference; fileEncoding = 4; lastKnownFileType = sourcecode.c.c; path = raw.c; sourceTree = "<group>"; };
		30B26E4615659A46002A26CF /* raw.o */ = {isa = PBXFileReference; lastKnownFileType = "compiled.mach-o.objfile"; path = raw.o; sourceTree = "<group>"; };
		30B26E4815659A46002A26CF /* checkasm-a.asm */ = {isa = PBXFileReference; lastKnownFileType = sourcecode.asm.asm; path = "checkasm-a.asm"; sourceTree = "<group>"; };
		30B26E4915659A46002A26CF /* checkasm.c */ = {isa = PBXFileReference; fileEncoding = 4; lastKnownFileType = sourcecode.c.c; path = checkasm.c; sourceTree = "<group>"; };
		30B26E4A15659A46002A26CF /* countquant_x264.pl */ = {isa = PBXFileReference; fileEncoding = 4; lastKnownFileType = text.script.perl; path = countquant_x264.pl; sourceTree = "<group>"; };
		30B26E4C15659A46002A26CF /* __init__.py */ = {isa = PBXFileReference; fileEncoding = 4; lastKnownFileType = text.script.python; path = __init__.py; sourceTree = "<group>"; };
		30B26E4D15659A46002A26CF /* cli.py */ = {isa = PBXFileReference; fileEncoding = 4; lastKnownFileType = text.script.python; path = cli.py; sourceTree = "<group>"; };
		30B26E4E15659A46002A26CF /* comparers.py */ = {isa = PBXFileReference; fileEncoding = 4; lastKnownFileType = text.script.python; path = comparers.py; sourceTree = "<group>"; };
		30B26E4F15659A46002A26CF /* constants.py */ = {isa = PBXFileReference; fileEncoding = 4; lastKnownFileType = text.script.python; path = constants.py; sourceTree = "<group>"; };
		30B26E5015659A46002A26CF /* errors.py */ = {isa = PBXFileReference; fileEncoding = 4; lastKnownFileType = text.script.python; path = errors.py; sourceTree = "<group>"; };
		30B26E5215659A46002A26CF /* __init__.py */ = {isa = PBXFileReference; fileEncoding = 4; lastKnownFileType = text.script.python; path = __init__.py; sourceTree = "<group>"; };
		30B26E5315659A46002A26CF /* dummy.py */ = {isa = PBXFileReference; fileEncoding = 4; lastKnownFileType = text.script.python; path = dummy.py; sourceTree = "<group>"; };
		30B26E5415659A46002A26CF /* git.py */ = {isa = PBXFileReference; fileEncoding = 4; lastKnownFileType = text.script.python; path = git.py; sourceTree = "<group>"; };
		30B26E5515659A46002A26CF /* testing.py */ = {isa = PBXFileReference; fileEncoding = 4; lastKnownFileType = text.script.python; path = testing.py; sourceTree = "<group>"; };
		30B26E5615659A46002A26CF /* q_matrix_jvt.cfg */ = {isa = PBXFileReference; fileEncoding = 4; lastKnownFileType = text; path = q_matrix_jvt.cfg; sourceTree = "<group>"; };
		30B26E5715659A46002A26CF /* test_x264.py */ = {isa = PBXFileReference; fileEncoding = 4; lastKnownFileType = text.script.python; path = test_x264.py; sourceTree = "<group>"; };
		30B26E5815659A46002A26CF /* xyuv.c */ = {isa = PBXFileReference; fileEncoding = 4; lastKnownFileType = sourcecode.c.c; path = xyuv.c; sourceTree = "<group>"; };
		30B26E5915659A46002A26CF /* version.sh */ = {isa = PBXFileReference; fileEncoding = 4; lastKnownFileType = text.script.sh; path = version.sh; sourceTree = "<group>"; };
		30B26E5A15659A46002A26CF /* x264 */ = {isa = PBXFileReference; lastKnownFileType = "compiled.mach-o.executable"; path = x264; sourceTree = "<group>"; };
		30B26E5B15659A46002A26CF /* x264.c */ = {isa = PBXFileReference; fileEncoding = 4; lastKnownFileType = sourcecode.c.c; path = x264.c; sourceTree = "<group>"; };
		30B26E5C15659A46002A26CF /* x264.h */ = {isa = PBXFileReference; fileEncoding = 4; lastKnownFileType = sourcecode.c.h; path = x264.h; sourceTree = "<group>"; };
		30B26E5D15659A46002A26CF /* x264.o */ = {isa = PBXFileReference; lastKnownFileType = "compiled.mach-o.objfile"; path = x264.o; sourceTree = "<group>"; };
		30B26E5E15659A46002A26CF /* x264.pc */ = {isa = PBXFileReference; fileEncoding = 4; lastKnownFileType = text; path = x264.pc; sourceTree = "<group>"; };
		30B26E5F15659A46002A26CF /* x264_config.h */ = {isa = PBXFileReference; fileEncoding = 4; lastKnownFileType = sourcecode.c.h; path = x264_config.h; sourceTree = "<group>"; };
		30B26E6015659A46002A26CF /* x264cli.h */ = {isa = PBXFileReference; fileEncoding = 4; lastKnownFileType = sourcecode.c.h; path = x264cli.h; sourceTree = "<group>"; };
		30B26E6115659A46002A26CF /* x264dll.c */ = {isa = PBXFileReference; fileEncoding = 4; lastKnownFileType = sourcecode.c.c; path = x264dll.c; sourceTree = "<group>"; };
		30B26E6215659A46002A26CF /* x264res.rc */ = {isa = PBXFileReference; fileEncoding = 4; lastKnownFileType = text; path = x264res.rc; sourceTree = "<group>"; };
		30B26E6315659A46002A26CF /* Makefile */ = {isa = PBXFileReference; fileEncoding = 4; lastKnownFileType = sourcecode.make; path = Makefile; sourceTree = SOURCE_ROOT; };
		30B26E6415659A46002A26CF /* README.md */ = {isa = PBXFileReference; fileEncoding = 4; lastKnownFileType = text; path = README.md; sourceTree = SOURCE_ROOT; };
		30B26E6515659A46002A26CF /* runnableStream.tpl */ = {isa = PBXFileReference; lastKnownFileType = file; path = runnableStream.tpl; sourceTree = SOURCE_ROOT; };
		30B26E6615659A46002A26CF /* sc_streamer.c */ = {isa = PBXFileReference; fileEncoding = 4; lastKnownFileType = sourcecode.c.c; path = sc_streamer.c; sourceTree = SOURCE_ROOT; };
		30B26E6715659A46002A26CF /* sc_streamer.h */ = {isa = PBXFileReference; fileEncoding = 4; lastKnownFileType = sourcecode.c.h; path = sc_streamer.h; sourceTree = SOURCE_ROOT; };
/* End PBXFileReference section */

/* Begin PBXFrameworksBuildPhase section */
		30B26AEF1565987B002A26CF /* Frameworks */ = {
			isa = PBXFrameworksBuildPhase;
			buildActionMask = 2147483647;
			files = (
				30B26E7015659A47002A26CF /* librtmp.a in Frameworks */,
				30B26F1315659A47002A26CF /* libx264.a in Frameworks */,
			);
			runOnlyForDeploymentPostprocessing = 0;
		};
/* End PBXFrameworksBuildPhase section */

/* Begin PBXGroup section */
		30B26AE71565987B002A26CF = {
			isa = PBXGroup;
			children = (
				30B26AF51565987B002A26CF /* screen_streamer */,
				30B26AF31565987B002A26CF /* Products */,
			);
			sourceTree = "<group>";
		};
		30B26AF31565987B002A26CF /* Products */ = {
			isa = PBXGroup;
			children = (
				30B26AF21565987B002A26CF /* screen_streamer */,
			);
			name = Products;
			sourceTree = "<group>";
		};
		30B26AF51565987B002A26CF /* screen_streamer */ = {
			isa = PBXGroup;
			children = (
				30B26D2415659A46002A26CF /* flv_bytestream_ext.c */,
				30B26D2515659A46002A26CF /* flv_bytestream_ext.h */,
				30B26D2615659A46002A26CF /* lib */,
				30B26D2C15659A46002A26CF /* librtmp */,
				30B26D5515659A46002A26CF /* libx264 */,
				30B26E6315659A46002A26CF /* Makefile */,
				30B26E6415659A46002A26CF /* README.md */,
				30B26E6515659A46002A26CF /* runnableStream.tpl */,
				30B26E6615659A46002A26CF /* sc_streamer.c */,
				30B26E6715659A46002A26CF /* sc_streamer.h */,
			);
			path = screen_streamer;
			sourceTree = "<group>";
		};
		30B26D2615659A46002A26CF /* lib */ = {
			isa = PBXGroup;
			children = (
				30B26D2715659A46002A26CF /* bytestream.c */,
				30B26D2815659A46002A26CF /* bytestream.h */,
				30B26D2915659A46002A26CF /* bytestream.o */,
				30B26D2A15659A46002A26CF /* tpl.c */,
				30B26D2B15659A46002A26CF /* tpl.h */,
			);
			path = lib;
			sourceTree = SOURCE_ROOT;
		};
		30B26D2C15659A46002A26CF /* librtmp */ = {
			isa = PBXGroup;
			children = (
				30B26D2D15659A46002A26CF /* ChangeLog */,
				30B26D2E15659A46002A26CF /* COPYING */,
				30B26D2F15659A46002A26CF /* librtmp */,
				30B26D4915659A46002A26CF /* Makefile */,
				30B26D4A15659A46002A26CF /* README */,
				30B26D4B15659A46002A26CF /* rtmpdump.1 */,
				30B26D4C15659A46002A26CF /* rtmpdump.1.html */,
				30B26D4D15659A46002A26CF /* rtmpdump.c */,
				30B26D4E15659A46002A26CF /* rtmpgw.8 */,
				30B26D4F15659A46002A26CF /* rtmpgw.8.html */,
				30B26D5015659A46002A26CF /* rtmpgw.c */,
				30B26D5115659A46002A26CF /* rtmpsrv.c */,
				30B26D5215659A46002A26CF /* rtmpsuck.c */,
				30B26D5315659A46002A26CF /* thread.c */,
				30B26D5415659A46002A26CF /* thread.h */,
			);
			path = librtmp;
			sourceTree = SOURCE_ROOT;
		};
		30B26D2F15659A46002A26CF /* librtmp */ = {
			isa = PBXGroup;
			children = (
				30B26D3015659A46002A26CF /* amf.c */,
				30B26D3115659A46002A26CF /* amf.h */,
				30B26D3215659A46002A26CF /* amf.o */,
				30B26D3315659A46002A26CF /* bytes.h */,
				30B26D3415659A46002A26CF /* COPYING */,
				30B26D3515659A46002A26CF /* dh.h */,
				30B26D3615659A46002A26CF /* dhgroups.h */,
				30B26D3715659A46002A26CF /* handshake.h */,
				30B26D3815659A46002A26CF /* hashswf.c */,
				30B26D3915659A46002A26CF /* hashswf.o */,
				30B26D3A15659A46002A26CF /* http.h */,
				30B26D3B15659A46002A26CF /* librtmp.3 */,
				30B26D3C15659A46002A26CF /* librtmp.3.html */,
				30B26D3D15659A46002A26CF /* librtmp.a */,
				30B26D3E15659A46002A26CF /* librtmp.pc.in */,
				30B26D3F15659A46002A26CF /* log.c */,
				30B26D4015659A46002A26CF /* log.h */,
				30B26D4115659A46002A26CF /* log.o */,
				30B26D4215659A46002A26CF /* Makefile */,
				30B26D4315659A46002A26CF /* parseurl.c */,
				30B26D4415659A46002A26CF /* parseurl.o */,
				30B26D4515659A46002A26CF /* rtmp.c */,
				30B26D4615659A46002A26CF /* rtmp.h */,
				30B26D4715659A46002A26CF /* rtmp.o */,
				30B26D4815659A46002A26CF /* rtmp_sys.h */,
			);
			path = librtmp;
			sourceTree = "<group>";
		};
		30B26D5515659A46002A26CF /* libx264 */ = {
			isa = PBXGroup;
			children = (
				30B26D5615659A46002A26CF /* .depend */,
				30B26D5715659A46002A26CF /* .gitignore */,
				30B26D5815659A46002A26CF /* AUTHORS */,
				30B26D5915659A46002A26CF /* common */,
				30B26DDF15659A46002A26CF /* config.guess */,
				30B26DE015659A46002A26CF /* config.h */,
				30B26DE115659A46002A26CF /* config.log */,
				30B26DE215659A46002A26CF /* config.mak */,
				30B26DE315659A46002A26CF /* config.sub */,
				30B26DE415659A46002A26CF /* configure */,
				30B26DE515659A46002A26CF /* COPYING */,
				30B26DE615659A46002A26CF /* doc */,
				30B26DEC15659A46002A26CF /* encoder */,
				30B26E0615659A46002A26CF /* extras */,
				30B26E0D15659A46002A26CF /* filters */,
				30B26E2615659A46002A26CF /* input */,
				30B26E3615659A46002A26CF /* libx264.a */,
				30B26E3715659A46002A26CF /* Makefile */,
				30B26E3815659A46002A26CF /* output */,
				30B26E4715659A46002A26CF /* tools */,
				30B26E5915659A46002A26CF /* version.sh */,
				30B26E5A15659A46002A26CF /* x264 */,
				30B26E5B15659A46002A26CF /* x264.c */,
				30B26E5C15659A46002A26CF /* x264.h */,
				30B26E5D15659A46002A26CF /* x264.o */,
				30B26E5E15659A46002A26CF /* x264.pc */,
				30B26E5F15659A46002A26CF /* x264_config.h */,
				30B26E6015659A46002A26CF /* x264cli.h */,
				30B26E6115659A46002A26CF /* x264dll.c */,
				30B26E6215659A46002A26CF /* x264res.rc */,
			);
			path = libx264;
			sourceTree = SOURCE_ROOT;
		};
		30B26D5915659A46002A26CF /* common */ = {
			isa = PBXGroup;
			children = (
				30B26D5A15659A46002A26CF /* arm */,
				30B26D6A15659A46002A26CF /* bitstream.c */,
				30B26D6B15659A46002A26CF /* bitstream.h */,
				30B26D6C15659A46002A26CF /* bitstream.o */,
				30B26D6D15659A46002A26CF /* cabac.c */,
				30B26D6E15659A46002A26CF /* cabac.h */,
				30B26D6F15659A46002A26CF /* cabac.o */,
				30B26D7015659A46002A26CF /* common.c */,
				30B26D7115659A46002A26CF /* common.h */,
				30B26D7215659A46002A26CF /* common.o */,
				30B26D7315659A46002A26CF /* cpu.c */,
				30B26D7415659A46002A26CF /* cpu.h */,
				30B26D7515659A46002A26CF /* cpu.o */,
				30B26D7615659A46002A26CF /* dct.c */,
				30B26D7715659A46002A26CF /* dct.h */,
				30B26D7815659A46002A26CF /* dct.o */,
				30B26D7915659A46002A26CF /* deblock.c */,
				30B26D7A15659A46002A26CF /* deblock.o */,
				30B26D7B15659A46002A26CF /* display-x11.c */,
				30B26D7C15659A46002A26CF /* display.h */,
				30B26D7D15659A46002A26CF /* frame.c */,
				30B26D7E15659A46002A26CF /* frame.h */,
				30B26D7F15659A46002A26CF /* frame.o */,
				30B26D8015659A46002A26CF /* macroblock.c */,
				30B26D8115659A46002A26CF /* macroblock.h */,
				30B26D8215659A46002A26CF /* macroblock.o */,
				30B26D8315659A46002A26CF /* mc.c */,
				30B26D8415659A46002A26CF /* mc.h */,
				30B26D8515659A46002A26CF /* mc.o */,
				30B26D8615659A46002A26CF /* mvpred.c */,
				30B26D8715659A46002A26CF /* mvpred.o */,
				30B26D8815659A46002A26CF /* osdep.c */,
				30B26D8915659A46002A26CF /* osdep.h */,
				30B26D8A15659A46002A26CF /* osdep.o */,
				30B26D8B15659A46002A26CF /* pixel.c */,
				30B26D8C15659A46002A26CF /* pixel.h */,
				30B26D8D15659A46002A26CF /* pixel.o */,
				30B26D8E15659A46002A26CF /* ppc */,
				30B26D9B15659A46002A26CF /* predict.c */,
				30B26D9C15659A46002A26CF /* predict.h */,
				30B26D9D15659A46002A26CF /* predict.o */,
				30B26D9E15659A46002A26CF /* quant.c */,
				30B26D9F15659A46002A26CF /* quant.h */,
				30B26DA015659A46002A26CF /* quant.o */,
				30B26DA115659A46002A26CF /* rectangle.c */,
				30B26DA215659A46002A26CF /* rectangle.h */,
				30B26DA315659A46002A26CF /* rectangle.o */,
				30B26DA415659A46002A26CF /* set.c */,
				30B26DA515659A46002A26CF /* set.h */,
				30B26DA615659A46002A26CF /* set.o */,
				30B26DA715659A46002A26CF /* sparc */,
				30B26DAA15659A46002A26CF /* threadpool.c */,
				30B26DAB15659A46002A26CF /* threadpool.h */,
				30B26DAC15659A46002A26CF /* threadpool.o */,
				30B26DAD15659A46002A26CF /* visualize.c */,
				30B26DAE15659A46002A26CF /* visualize.h */,
				30B26DAF15659A46002A26CF /* vlc.c */,
				30B26DB015659A46002A26CF /* vlc.o */,
				30B26DB115659A46002A26CF /* win32thread.c */,
				30B26DB215659A46002A26CF /* win32thread.h */,
				30B26DB315659A46002A26CF /* x86 */,
			);
			path = common;
			sourceTree = "<group>";
		};
		30B26D5A15659A46002A26CF /* arm */ = {
			isa = PBXGroup;
			children = (
				30B26D5B15659A46002A26CF /* asm.S */,
				30B26D5C15659A46002A26CF /* cpu-a.S */,
				30B26D5D15659A46002A26CF /* dct-a.S */,
				30B26D5E15659A46002A26CF /* dct.h */,
				30B26D5F15659A46002A26CF /* deblock-a.S */,
				30B26D6015659A46002A26CF /* mc-a.S */,
				30B26D6115659A46002A26CF /* mc-c.c */,
				30B26D6215659A46002A26CF /* mc.h */,
				30B26D6315659A46002A26CF /* pixel-a.S */,
				30B26D6415659A46002A26CF /* pixel.h */,
				30B26D6515659A46002A26CF /* predict-a.S */,
				30B26D6615659A46002A26CF /* predict-c.c */,
				30B26D6715659A46002A26CF /* predict.h */,
				30B26D6815659A46002A26CF /* quant-a.S */,
				30B26D6915659A46002A26CF /* quant.h */,
			);
			path = arm;
			sourceTree = "<group>";
		};
		30B26D8E15659A46002A26CF /* ppc */ = {
			isa = PBXGroup;
			children = (
				30B26D8F15659A46002A26CF /* dct.c */,
				30B26D9015659A46002A26CF /* dct.h */,
				30B26D9115659A46002A26CF /* deblock.c */,
				30B26D9215659A46002A26CF /* mc.c */,
				30B26D9315659A46002A26CF /* mc.h */,
				30B26D9415659A46002A26CF /* pixel.c */,
				30B26D9515659A46002A26CF /* pixel.h */,
				30B26D9615659A46002A26CF /* ppccommon.h */,
				30B26D9715659A46002A26CF /* predict.c */,
				30B26D9815659A46002A26CF /* predict.h */,
				30B26D9915659A46002A26CF /* quant.c */,
				30B26D9A15659A46002A26CF /* quant.h */,
			);
			path = ppc;
			sourceTree = "<group>";
		};
		30B26DA715659A46002A26CF /* sparc */ = {
			isa = PBXGroup;
			children = (
				30B26DA815659A46002A26CF /* pixel.asm */,
				30B26DA915659A46002A26CF /* pixel.h */,
			);
			path = sparc;
			sourceTree = "<group>";
		};
		30B26DB315659A46002A26CF /* x86 */ = {
			isa = PBXGroup;
			children = (
				30B26DB415659A46002A26CF /* bitstream-a.asm */,
				30B26DB515659A46002A26CF /* bitstream-a.o */,
				30B26DB615659A46002A26CF /* cabac-a.asm */,
				30B26DB715659A46002A26CF /* cabac-a.o */,
				30B26DB815659A46002A26CF /* const-a.asm */,
				30B26DB915659A46002A26CF /* const-a.o */,
				30B26DBA15659A46002A26CF /* cpu-a.asm */,
				30B26DBB15659A46002A26CF /* cpu-a.o */,
				30B26DBC15659A46002A26CF /* dct-32.asm */,
				30B26DBD15659A46002A26CF /* dct-64.asm */,
				30B26DBE15659A46002A26CF /* dct-64.o */,
				30B26DBF15659A46002A26CF /* dct-a.asm */,
				30B26DC015659A46002A26CF /* dct-a.o */,
				30B26DC115659A46002A26CF /* dct.h */,
				30B26DC215659A46002A26CF /* deblock-a.asm */,
				30B26DC315659A46002A26CF /* deblock-a.o */,
				30B26DC415659A46002A26CF /* mc-a.asm */,
				30B26DC515659A46002A26CF /* mc-a.o */,
				30B26DC615659A46002A26CF /* mc-a2.asm */,
				30B26DC715659A46002A26CF /* mc-a2.o */,
				30B26DC815659A46002A26CF /* mc-c.c */,
				30B26DC915659A46002A26CF /* mc-c.o */,
				30B26DCA15659A46002A26CF /* mc.h */,
				30B26DCB15659A46002A26CF /* pixel-32.asm */,
				30B26DCC15659A46002A26CF /* pixel-a.asm */,
				30B26DCD15659A46002A26CF /* pixel-a.o */,
				30B26DCE15659A46002A26CF /* pixel.h */,
				30B26DCF15659A46002A26CF /* predict-a.asm */,
				30B26DD015659A46002A26CF /* predict-a.o */,
				30B26DD115659A46002A26CF /* predict-c.c */,
				30B26DD215659A46002A26CF /* predict-c.o */,
				30B26DD315659A46002A26CF /* predict.h */,
				30B26DD415659A46002A26CF /* quant-a.asm */,
				30B26DD515659A46002A26CF /* quant-a.o */,
				30B26DD615659A46002A26CF /* quant.h */,
				30B26DD715659A46002A26CF /* sad-a.asm */,
				30B26DD815659A46002A26CF /* sad-a.o */,
				30B26DD915659A46002A26CF /* sad16-a.asm */,
				30B26DDA15659A46002A26CF /* trellis-64.asm */,
				30B26DDB15659A46002A26CF /* trellis-64.o */,
				30B26DDC15659A46002A26CF /* util.h */,
				30B26DDD15659A46002A26CF /* x86inc.asm */,
				30B26DDE15659A46002A26CF /* x86util.asm */,
			);
			path = x86;
			sourceTree = "<group>";
		};
		30B26DE615659A46002A26CF /* doc */ = {
			isa = PBXGroup;
			children = (
				30B26DE715659A46002A26CF /* ratecontrol.txt */,
				30B26DE815659A46002A26CF /* regression_test.txt */,
				30B26DE915659A46002A26CF /* standards.txt */,
				30B26DEA15659A46002A26CF /* threads.txt */,
				30B26DEB15659A46002A26CF /* vui.txt */,
			);
			path = doc;
			sourceTree = "<group>";
		};
		30B26DEC15659A46002A26CF /* encoder */ = {
			isa = PBXGroup;
			children = (
				30B26DED15659A46002A26CF /* analyse.c */,
				30B26DEE15659A46002A26CF /* analyse.h */,
				30B26DEF15659A46002A26CF /* analyse.o */,
				30B26DF015659A46002A26CF /* cabac.c */,
				30B26DF115659A46002A26CF /* cabac.o */,
				30B26DF215659A46002A26CF /* cavlc.c */,
				30B26DF315659A46002A26CF /* cavlc.o */,
				30B26DF415659A46002A26CF /* encoder.c */,
				30B26DF515659A46002A26CF /* encoder.o */,
				30B26DF615659A46002A26CF /* lookahead.c */,
				30B26DF715659A46002A26CF /* lookahead.o */,
				30B26DF815659A46002A26CF /* macroblock.c */,
				30B26DF915659A46002A26CF /* macroblock.h */,
				30B26DFA15659A46002A26CF /* macroblock.o */,
				30B26DFB15659A46002A26CF /* me.c */,
				30B26DFC15659A46002A26CF /* me.h */,
				30B26DFD15659A46002A26CF /* me.o */,
				30B26DFE15659A46002A26CF /* ratecontrol.c */,
				30B26DFF15659A46002A26CF /* ratecontrol.h */,
				30B26E0015659A46002A26CF /* ratecontrol.o */,
				30B26E0115659A46002A26CF /* rdo.c */,
				30B26E0215659A46002A26CF /* set.c */,
				30B26E0315659A46002A26CF /* set.h */,
				30B26E0415659A46002A26CF /* set.o */,
				30B26E0515659A46002A26CF /* slicetype.c */,
			);
			path = encoder;
			sourceTree = "<group>";
		};
		30B26E0615659A46002A26CF /* extras */ = {
			isa = PBXGroup;
			children = (
				30B26E0715659A46002A26CF /* avisynth_c.h */,
				30B26E0815659A46002A26CF /* gas-preprocessor.pl */,
				30B26E0915659A46002A26CF /* getopt.c */,
				30B26E0A15659A46002A26CF /* getopt.h */,
				30B26E0B15659A46002A26CF /* inttypes.h */,
				30B26E0C15659A46002A26CF /* stdint.h */,
			);
			path = extras;
			sourceTree = "<group>";
		};
		30B26E0D15659A46002A26CF /* filters */ = {
			isa = PBXGroup;
			children = (
				30B26E0E15659A46002A26CF /* filters.c */,
				30B26E0F15659A46002A26CF /* filters.h */,
				30B26E1015659A46002A26CF /* filters.o */,
				30B26E1115659A46002A26CF /* video */,
			);
			path = filters;
			sourceTree = "<group>";
		};
		30B26E1115659A46002A26CF /* video */ = {
			isa = PBXGroup;
			children = (
				30B26E1215659A46002A26CF /* cache.c */,
				30B26E1315659A46002A26CF /* cache.o */,
				30B26E1415659A46002A26CF /* crop.c */,
				30B26E1515659A46002A26CF /* crop.o */,
				30B26E1615659A46002A26CF /* depth.c */,
				30B26E1715659A46002A26CF /* depth.o */,
				30B26E1815659A46002A26CF /* fix_vfr_pts.c */,
				30B26E1915659A46002A26CF /* fix_vfr_pts.o */,
				30B26E1A15659A46002A26CF /* internal.c */,
				30B26E1B15659A46002A26CF /* internal.h */,
				30B26E1C15659A46002A26CF /* internal.o */,
				30B26E1D15659A46002A26CF /* resize.c */,
				30B26E1E15659A46002A26CF /* resize.o */,
				30B26E1F15659A46002A26CF /* select_every.c */,
				30B26E2015659A46002A26CF /* select_every.o */,
				30B26E2115659A46002A26CF /* source.c */,
				30B26E2215659A46002A26CF /* source.o */,
				30B26E2315659A46002A26CF /* video.c */,
				30B26E2415659A46002A26CF /* video.h */,
				30B26E2515659A46002A26CF /* video.o */,
			);
			path = video;
			sourceTree = "<group>";
		};
		30B26E2615659A46002A26CF /* input */ = {
			isa = PBXGroup;
			children = (
				30B26E2715659A46002A26CF /* avs.c */,
				30B26E2815659A46002A26CF /* ffms.c */,
				30B26E2915659A46002A26CF /* input.c */,
				30B26E2A15659A46002A26CF /* input.h */,
				30B26E2B15659A46002A26CF /* input.o */,
				30B26E2C15659A46002A26CF /* lavf.c */,
				30B26E2D15659A46002A26CF /* lavf.o */,
				30B26E2E15659A46002A26CF /* raw.c */,
				30B26E2F15659A46002A26CF /* raw.o */,
				30B26E3015659A46002A26CF /* thread.c */,
				30B26E3115659A46002A26CF /* thread.o */,
				30B26E3215659A46002A26CF /* timecode.c */,
				30B26E3315659A46002A26CF /* timecode.o */,
				30B26E3415659A46002A26CF /* y4m.c */,
				30B26E3515659A46002A26CF /* y4m.o */,
			);
			path = input;
			sourceTree = "<group>";
		};
		30B26E3815659A46002A26CF /* output */ = {
			isa = PBXGroup;
			children = (
				30B26E3915659A46002A26CF /* flv.c */,
				30B26E3A15659A46002A26CF /* flv.o */,
				30B26E3B15659A46002A26CF /* flv_bytestream.c */,
				30B26E3C15659A46002A26CF /* flv_bytestream.h */,
				30B26E3D15659A46002A26CF /* flv_bytestream.o */,
				30B26E3E15659A46002A26CF /* matroska.c */,
				30B26E3F15659A46002A26CF /* matroska.o */,
				30B26E4015659A46002A26CF /* matroska_ebml.c */,
				30B26E4115659A46002A26CF /* matroska_ebml.h */,
				30B26E4215659A46002A26CF /* matroska_ebml.o */,
				30B26E4315659A46002A26CF /* mp4.c */,
				30B26E4415659A46002A26CF /* output.h */,
				30B26E4515659A46002A26CF /* raw.c */,
				30B26E4615659A46002A26CF /* raw.o */,
			);
			path = output;
			sourceTree = "<group>";
		};
		30B26E4715659A46002A26CF /* tools */ = {
			isa = PBXGroup;
			children = (
				30B26E4815659A46002A26CF /* checkasm-a.asm */,
				30B26E4915659A46002A26CF /* checkasm.c */,
				30B26E4A15659A46002A26CF /* countquant_x264.pl */,
				30B26E4B15659A46002A26CF /* digress */,
				30B26E5615659A46002A26CF /* q_matrix_jvt.cfg */,
				30B26E5715659A46002A26CF /* test_x264.py */,
				30B26E5815659A46002A26CF /* xyuv.c */,
			);
			path = tools;
			sourceTree = "<group>";
		};
		30B26E4B15659A46002A26CF /* digress */ = {
			isa = PBXGroup;
			children = (
				30B26E4C15659A46002A26CF /* __init__.py */,
				30B26E4D15659A46002A26CF /* cli.py */,
				30B26E4E15659A46002A26CF /* comparers.py */,
				30B26E4F15659A46002A26CF /* constants.py */,
				30B26E5015659A46002A26CF /* errors.py */,
				30B26E5115659A46002A26CF /* scm */,
				30B26E5515659A46002A26CF /* testing.py */,
			);
			path = digress;
			sourceTree = "<group>";
		};
		30B26E5115659A46002A26CF /* scm */ = {
			isa = PBXGroup;
			children = (
				30B26E5215659A46002A26CF /* __init__.py */,
				30B26E5315659A46002A26CF /* dummy.py */,
				30B26E5415659A46002A26CF /* git.py */,
			);
			path = scm;
			sourceTree = "<group>";
		};
/* End PBXGroup section */

/* Begin PBXLegacyTarget section */
		30B26F2815659ADD002A26CF /* librtmp */ = {
			isa = PBXLegacyTarget;
			buildArgumentsString = "SHARED= CRYPTO= SYS=posix";
			buildConfigurationList = 30B26F2915659ADD002A26CF /* Build configuration list for PBXLegacyTarget "librtmp" */;
			buildPhases = (
			);
			buildToolPath = /usr/bin/make;
			buildWorkingDirectory = ./librtmp/librtmp;
			dependencies = (
			);
			name = librtmp;
			passBuildSettingsInEnvironment = 1;
			productName = librtmp;
		};
		30B26F2C15659AE8002A26CF /* libx264 */ = {
			isa = PBXLegacyTarget;
			buildArgumentsString = "";
			buildConfigurationList = 30B26F2D15659AE8002A26CF /* Build configuration list for PBXLegacyTarget "libx264" */;
			buildPhases = (
			);
			buildToolPath = /usr/bin/make;
			buildWorkingDirectory = ./libx264;
			dependencies = (
			);
			name = libx264;
			passBuildSettingsInEnvironment = 1;
			productName = libx264;
		};
/* End PBXLegacyTarget section */

/* Begin PBXNativeTarget section */
		30B26AF11565987B002A26CF /* screen_streamer */ = {
			isa = PBXNativeTarget;
			buildConfigurationList = 30B26AFC1565987B002A26CF /* Build configuration list for PBXNativeTarget "screen_streamer" */;
			buildPhases = (
				30B26AEE1565987B002A26CF /* Sources */,
				30B26AEF1565987B002A26CF /* Frameworks */,
				30B26AF01565987B002A26CF /* CopyFiles */,
			);
			buildRules = (
			);
			dependencies = (
				0362EE5D1565C70E00E5409E /* PBXTargetDependency */,
				0362EE5B1565C70A00E5409E /* PBXTargetDependency */,
			);
			name = screen_streamer;
			productName = screen_streamer;
			productReference = 30B26AF21565987B002A26CF /* screen_streamer */;
			productType = "com.apple.product-type.tool";
		};
/* End PBXNativeTarget section */

/* Begin PBXProject section */
		30B26AE91565987B002A26CF /* Project object */ = {
			isa = PBXProject;
			attributes = {
				LastUpgradeCheck = 0440;
			};
			buildConfigurationList = 30B26AEC1565987B002A26CF /* Build configuration list for PBXProject "screen_streamer" */;
			compatibilityVersion = "Xcode 3.2";
			developmentRegion = English;
			hasScannedForEncodings = 0;
			knownRegions = (
				en,
			);
			mainGroup = 30B26AE71565987B002A26CF;
			productRefGroup = 30B26AF31565987B002A26CF /* Products */;
			projectDirPath = "";
			projectRoot = "";
			targets = (
				30B26AF11565987B002A26CF /* screen_streamer */,
				30B26F2815659ADD002A26CF /* librtmp */,
				30B26F2C15659AE8002A26CF /* libx264 */,
			);
		};
/* End PBXProject section */

/* Begin PBXSourcesBuildPhase section */
		30B26AEE1565987B002A26CF /* Sources */ = {
			isa = PBXSourcesBuildPhase;
			buildActionMask = 2147483647;
			files = (
				0362EE5E1565C79D00E5409E /* flv_bytestream.c in Sources */,
				30B26E6815659A47002A26CF /* flv_bytestream_ext.c in Sources */,
				30B26E6915659A47002A26CF /* bytestream.c in Sources */,
				30B26E6B15659A47002A26CF /* tpl.c in Sources */,
				30B26F2715659A47002A26CF /* sc_streamer.c in Sources */,
			);
			runOnlyForDeploymentPostprocessing = 0;
		};
/* End PBXSourcesBuildPhase section */

/* Begin PBXTargetDependency section */
		0362EE5B1565C70A00E5409E /* PBXTargetDependency */ = {
			isa = PBXTargetDependency;
			target = 30B26F2815659ADD002A26CF /* librtmp */;
			targetProxy = 0362EE5A1565C70A00E5409E /* PBXContainerItemProxy */;
		};
		0362EE5D1565C70E00E5409E /* PBXTargetDependency */ = {
			isa = PBXTargetDependency;
			target = 30B26F2C15659AE8002A26CF /* libx264 */;
			targetProxy = 0362EE5C1565C70E00E5409E /* PBXContainerItemProxy */;
		};
/* End PBXTargetDependency section */

/* Begin XCBuildConfiguration section */
		30B26AFA1565987B002A26CF /* Debug */ = {
			isa = XCBuildConfiguration;
			buildSettings = {
				ALWAYS_SEARCH_USER_PATHS = NO;
				ARCHS = "$(ARCHS_STANDARD_64_BIT)";
				COMBINE_HIDPI_IMAGES = YES;
				COPY_PHASE_STRIP = NO;
				GCC_C_LANGUAGE_STANDARD = gnu99;
				GCC_DYNAMIC_NO_PIC = NO;
				GCC_ENABLE_OBJC_EXCEPTIONS = YES;
				GCC_OPTIMIZATION_LEVEL = 0;
				GCC_PREPROCESSOR_DEFINITIONS = (
					"DEBUG=1",
					"$(inherited)",
				);
				GCC_SYMBOLS_PRIVATE_EXTERN = NO;
				GCC_VERSION = com.apple.compilers.llvm.clang.1_0;
				GCC_WARN_64_TO_32_BIT_CONVERSION = YES;
				GCC_WARN_ABOUT_RETURN_TYPE = YES;
				GCC_WARN_UNINITIALIZED_AUTOS = YES;
				GCC_WARN_UNUSED_VARIABLE = YES;
				HEADER_SEARCH_PATHS = (
					./lib,
					./librtmp/librtmp,
					./libx264,
				);
				LIBRARY_SEARCH_PATHS = (
					./librtmp/librtmp,
					./libx264,
				);
				MACOSX_DEPLOYMENT_TARGET = 10.7;
				ONLY_ACTIVE_ARCH = YES;
				SDKROOT = macosx;
				USER_HEADER_SEARCH_PATHS = "";
			};
			name = Debug;
		};
		30B26AFB1565987B002A26CF /* Release */ = {
			isa = XCBuildConfiguration;
			buildSettings = {
				ALWAYS_SEARCH_USER_PATHS = NO;
				ARCHS = "$(ARCHS_STANDARD_64_BIT)";
				COMBINE_HIDPI_IMAGES = YES;
				COPY_PHASE_STRIP = YES;
				DEBUG_INFORMATION_FORMAT = "dwarf-with-dsym";
				GCC_C_LANGUAGE_STANDARD = gnu99;
				GCC_ENABLE_OBJC_EXCEPTIONS = YES;
				GCC_VERSION = com.apple.compilers.llvm.clang.1_0;
				GCC_WARN_64_TO_32_BIT_CONVERSION = YES;
				GCC_WARN_ABOUT_RETURN_TYPE = YES;
				GCC_WARN_UNINITIALIZED_AUTOS = YES;
				GCC_WARN_UNUSED_VARIABLE = YES;
				HEADER_SEARCH_PATHS = (
					./lib,
					./librtmp/librtmp,
					./libx264,
				);
				LIBRARY_SEARCH_PATHS = (
					./librtmp/librtmp,
					./libx264,
				);
				MACOSX_DEPLOYMENT_TARGET = 10.7;
				SDKROOT = macosx;
				USER_HEADER_SEARCH_PATHS = "";
			};
			name = Release;
		};
		30B26AFD1565987B002A26CF /* Debug */ = {
			isa = XCBuildConfiguration;
			buildSettings = {
				LIBRARY_SEARCH_PATHS = (
					"$(inherited)",
					"\"$(SRCROOT)/librtmp/librtmp\"",
					"\"$(SRCROOT)/libx264\"",
				);
				PRODUCT_NAME = "$(TARGET_NAME)";
				SYMROOT = build;
			};
			name = Debug;
		};
		30B26AFE1565987B002A26CF /* Release */ = {
			isa = XCBuildConfiguration;
			buildSettings = {
				LIBRARY_SEARCH_PATHS = (
					"$(inherited)",
					"\"$(SRCROOT)/librtmp/librtmp\"",
					"\"$(SRCROOT)/libx264\"",
				);
				PRODUCT_NAME = "$(TARGET_NAME)";
				SYMROOT = build;
			};
			name = Release;
		};
		30B26F2A15659ADD002A26CF /* Debug */ = {
			isa = XCBuildConfiguration;
			buildSettings = {
				DEBUGGING_SYMBOLS = YES;
				GCC_GENERATE_DEBUGGING_SYMBOLS = YES;
				GCC_OPTIMIZATION_LEVEL = 0;
				HEADER_SEARCH_PATHS = "";
				LIBRARY_SEARCH_PATHS = "";
				OTHER_CFLAGS = "";
				OTHER_LDFLAGS = "";
				PRODUCT_NAME = "$(TARGET_NAME)";
			};
			name = Debug;
		};
		30B26F2B15659ADD002A26CF /* Release */ = {
			isa = XCBuildConfiguration;
			buildSettings = {
				HEADER_SEARCH_PATHS = "";
				LIBRARY_SEARCH_PATHS = "";
				OTHER_CFLAGS = "";
				OTHER_LDFLAGS = "";
				PRODUCT_NAME = "$(TARGET_NAME)";
			};
			name = Release;
		};
		30B26F2E15659AE8002A26CF /* Debug */ = {
			isa = XCBuildConfiguration;
			buildSettings = {
				DEBUGGING_SYMBOLS = YES;
				GCC_GENERATE_DEBUGGING_SYMBOLS = YES;
				GCC_OPTIMIZATION_LEVEL = 0;
				HEADER_SEARCH_PATHS = "";
				LIBRARY_SEARCH_PATHS = "";
				OTHER_CFLAGS = "";
				OTHER_LDFLAGS = "";
				PRODUCT_NAME = "$(TARGET_NAME)";
			};
			name = Debug;
		};
		30B26F2F15659AE8002A26CF /* Release */ = {
			isa = XCBuildConfiguration;
			buildSettings = {
				HEADER_SEARCH_PATHS = "";
				LIBRARY_SEARCH_PATHS = "";
				OTHER_CFLAGS = "";
				OTHER_LDFLAGS = "";
				PRODUCT_NAME = "$(TARGET_NAME)";
			};
			name = Release;
		};
/* End XCBuildConfiguration section */

/* Begin XCConfigurationList section */
		30B26AEC1565987B002A26CF /* Build configuration list for PBXProject "screen_streamer" */ = {
			isa = XCConfigurationList;
			buildConfigurations = (
				30B26AFA1565987B002A26CF /* Debug */,
				30B26AFB1565987B002A26CF /* Release */,
			);
			defaultConfigurationIsVisible = 0;
			defaultConfigurationName = Release;
		};
		30B26AFC1565987B002A26CF /* Build configuration list for PBXNativeTarget "screen_streamer" */ = {
			isa = XCConfigurationList;
			buildConfigurations = (
				30B26AFD1565987B002A26CF /* Debug */,
				30B26AFE1565987B002A26CF /* Release */,
			);
			defaultConfigurationIsVisible = 0;
			defaultConfigurationName = Release;
		};
		30B26F2915659ADD002A26CF /* Build configuration list for PBXLegacyTarget "librtmp" */ = {
			isa = XCConfigurationList;
			buildConfigurations = (
				30B26F2A15659ADD002A26CF /* Debug */,
				30B26F2B15659ADD002A26CF /* Release */,
			);
			defaultConfigurationIsVisible = 0;
			defaultConfigurationName = Release;
		};
		30B26F2D15659AE8002A26CF /* Build configuration list for PBXLegacyTarget "libx264" */ = {
			isa = XCConfigurationList;
			buildConfigurations = (
				30B26F2E15659AE8002A26CF /* Debug */,
				30B26F2F15659AE8002A26CF /* Release */,
			);
			defaultConfigurationIsVisible = 0;
			defaultConfigurationName = Release;
		};
/* End XCConfigurationList section */
	};
	rootObject = 30B26AE91565987B002A26CF /* Project object */;
}
